// !$*UTF8*$!
{
	archiveVersion = 1;
	classes = {
	};
	objectVersion = 46;
	objects = {

/* Begin PBXBuildFile section */
		00495C191C06E5F80015DB12 /* BaseViewController.m in Sources */ = {isa = PBXBuildFile; fileRef = 00495C181C06E5F80015DB12 /* BaseViewController.m */; };
		00495C1E1C070DD90015DB12 /* SecondViewController.m in Sources */ = {isa = PBXBuildFile; fileRef = 00495C1D1C070DD90015DB12 /* SecondViewController.m */; };
		00929CC11C11347400511DF5 /* ThirdViewController.m in Sources */ = {isa = PBXBuildFile; fileRef = 00929CC01C11347400511DF5 /* ThirdViewController.m */; };
		00929CC61C11377C00511DF5 /* pushButton.m in Sources */ = {isa = PBXBuildFile; fileRef = 00929CC51C11377C00511DF5 /* pushButton.m */; };
		00FB6F091C04596800EE49F3 /* main.m in Sources */ = {isa = PBXBuildFile; fileRef = 00FB6F081C04596800EE49F3 /* main.m */; };
		00FB6F0C1C04596800EE49F3 /* AppDelegate.m in Sources */ = {isa = PBXBuildFile; fileRef = 00FB6F0B1C04596800EE49F3 /* AppDelegate.m */; };
		00FB6F0F1C04596800EE49F3 /* ViewController.m in Sources */ = {isa = PBXBuildFile; fileRef = 00FB6F0E1C04596800EE49F3 /* ViewController.m */; };
		00FB6F121C04596800EE49F3 /* Main.storyboard in Resources */ = {isa = PBXBuildFile; fileRef = 00FB6F101C04596800EE49F3 /* Main.storyboard */; };
		00FB6F141C04596800EE49F3 /* Assets.xcassets in Resources */ = {isa = PBXBuildFile; fileRef = 00FB6F131C04596800EE49F3 /* Assets.xcassets */; };
		00FB6F171C04596800EE49F3 /* LaunchScreen.storyboard in Resources */ = {isa = PBXBuildFile; fileRef = 00FB6F151C04596800EE49F3 /* LaunchScreen.storyboard */; };
		00FB6F221C04596800EE49F3 /* pushOrPopTests.m in Sources */ = {isa = PBXBuildFile; fileRef = 00FB6F211C04596800EE49F3 /* pushOrPopTests.m */; };
		00FB6F2D1C04596800EE49F3 /* pushOrPopUITests.m in Sources */ = {isa = PBXBuildFile; fileRef = 00FB6F2C1C04596800EE49F3 /* pushOrPopUITests.m */; };
		A32D26141C32C14D0019D4EF /* RMAsyncQueue.m in Sources */ = {isa = PBXBuildFile; fileRef = A32D26131C32C14D0019D4EF /* RMAsyncQueue.m */; };
		A345460B1C3CCFA2004281FE /* RMDateShareManager.m in Sources */ = {isa = PBXBuildFile; fileRef = A345460A1C3CCFA2004281FE /* RMDateShareManager.m */; };
		A3592BDF1C26E77D00EC94AC /* NSDictionary+Utils.m in Sources */ = {isa = PBXBuildFile; fileRef = A3592BDE1C26E77D00EC94AC /* NSDictionary+Utils.m */; };
		A3592BE91C28FBA600EC94AC /* UIView+Utils.m in Sources */ = {isa = PBXBuildFile; fileRef = A3592BE81C28FBA600EC94AC /* UIView+Utils.m */; };
		A3592BEB1C290B5500EC94AC /* Foundation.framework in Frameworks */ = {isa = PBXBuildFile; fileRef = A3592BEA1C290B5500EC94AC /* Foundation.framework */; };
		A3592BED1C290B5B00EC94AC /* UIKit.framework in Frameworks */ = {isa = PBXBuildFile; fileRef = A3592BEC1C290B5B00EC94AC /* UIKit.framework */; };
		A3592BEF1C290B6300EC94AC /* CoreGraphics.framework in Frameworks */ = {isa = PBXBuildFile; fileRef = A3592BEE1C290B6300EC94AC /* CoreGraphics.framework */; };
		A38E25CB1C128D6300A3DCEC /* BaseTableViewController.m in Sources */ = {isa = PBXBuildFile; fileRef = A38E25CA1C128D6300A3DCEC /* BaseTableViewController.m */; };
		A38E25D21C12A8B900A3DCEC /* RMBaseCell.m in Sources */ = {isa = PBXBuildFile; fileRef = A38E25D11C12A8B900A3DCEC /* RMBaseCell.m */; };
		A38E25D51C12ABB800A3DCEC /* RMTableViewDataSource.m in Sources */ = {isa = PBXBuildFile; fileRef = A38E25D41C12ABB800A3DCEC /* RMTableViewDataSource.m */; };
		A3CB87121C2B60E400576755 /* RMCellHeaderView.m in Sources */ = {isa = PBXBuildFile; fileRef = A3CB87111C2B60E400576755 /* RMCellHeaderView.m */; };
		A3CB87161C2B630E00576755 /* RMCellHeaderView+Utils.m in Sources */ = {isa = PBXBuildFile; fileRef = A3CB87151C2B630E00576755 /* RMCellHeaderView+Utils.m */; };
		A3CDAE1A1C302D990037F51C /* RMBaseModel.m in Sources */ = {isa = PBXBuildFile; fileRef = A3CDAE191C302D990037F51C /* RMBaseModel.m */; };
		A3CDAE1E1C302EEF0037F51C /* NSDictionary+NullReplace.m in Sources */ = {isa = PBXBuildFile; fileRef = A3CDAE1D1C302EEF0037F51C /* NSDictionary+NullReplace.m */; };
		A3FE6A061C140CF4004DF568 /* RMTableViewDelegate.m in Sources */ = {isa = PBXBuildFile; fileRef = A3FE6A051C140CF4004DF568 /* RMTableViewDelegate.m */; };
/* End PBXBuildFile section */

/* Begin PBXContainerItemProxy section */
		00FB6F1E1C04596800EE49F3 /* PBXContainerItemProxy */ = {
			isa = PBXContainerItemProxy;
			containerPortal = 00FB6EFC1C04596800EE49F3 /* Project object */;
			proxyType = 1;
			remoteGlobalIDString = 00FB6F031C04596800EE49F3;
			remoteInfo = pushOrPop;
		};
		00FB6F291C04596800EE49F3 /* PBXContainerItemProxy */ = {
			isa = PBXContainerItemProxy;
			containerPortal = 00FB6EFC1C04596800EE49F3 /* Project object */;
			proxyType = 1;
			remoteGlobalIDString = 00FB6F031C04596800EE49F3;
			remoteInfo = pushOrPop;
		};
/* End PBXContainerItemProxy section */

/* Begin PBXFileReference section */
		00495C141C06E05E0015DB12 /* Define.h */ = {isa = PBXFileReference; lastKnownFileType = sourcecode.c.h; path = Define.h; sourceTree = "<group>"; };
		00495C171C06E5F80015DB12 /* BaseViewController.h */ = {isa = PBXFileReference; fileEncoding = 4; lastKnownFileType = sourcecode.c.h; path = BaseViewController.h; sourceTree = "<group>"; };
		00495C181C06E5F80015DB12 /* BaseViewController.m */ = {isa = PBXFileReference; fileEncoding = 4; lastKnownFileType = sourcecode.c.objc; path = BaseViewController.m; sourceTree = "<group>"; };
		00495C1C1C070DD90015DB12 /* SecondViewController.h */ = {isa = PBXFileReference; fileEncoding = 4; lastKnownFileType = sourcecode.c.h; path = SecondViewController.h; sourceTree = "<group>"; };
		00495C1D1C070DD90015DB12 /* SecondViewController.m */ = {isa = PBXFileReference; fileEncoding = 4; lastKnownFileType = sourcecode.c.objc; path = SecondViewController.m; sourceTree = "<group>"; };
		00929CBF1C11347400511DF5 /* ThirdViewController.h */ = {isa = PBXFileReference; fileEncoding = 4; lastKnownFileType = sourcecode.c.h; path = ThirdViewController.h; sourceTree = "<group>"; };
		00929CC01C11347400511DF5 /* ThirdViewController.m */ = {isa = PBXFileReference; fileEncoding = 4; lastKnownFileType = sourcecode.c.objc; path = ThirdViewController.m; sourceTree = "<group>"; };
		00929CC41C11377C00511DF5 /* pushButton.h */ = {isa = PBXFileReference; fileEncoding = 4; lastKnownFileType = sourcecode.c.h; path = pushButton.h; sourceTree = "<group>"; };
		00929CC51C11377C00511DF5 /* pushButton.m */ = {isa = PBXFileReference; fileEncoding = 4; lastKnownFileType = sourcecode.c.objc; path = pushButton.m; sourceTree = "<group>"; };
		00FB6F041C04596800EE49F3 /* pushOrPop.app */ = {isa = PBXFileReference; explicitFileType = wrapper.application; includeInIndex = 0; path = pushOrPop.app; sourceTree = BUILT_PRODUCTS_DIR; };
		00FB6F081C04596800EE49F3 /* main.m */ = {isa = PBXFileReference; lastKnownFileType = sourcecode.c.objc; path = main.m; sourceTree = "<group>"; };
		00FB6F0A1C04596800EE49F3 /* AppDelegate.h */ = {isa = PBXFileReference; lastKnownFileType = sourcecode.c.h; path = AppDelegate.h; sourceTree = "<group>"; };
		00FB6F0B1C04596800EE49F3 /* AppDelegate.m */ = {isa = PBXFileReference; lastKnownFileType = sourcecode.c.objc; path = AppDelegate.m; sourceTree = "<group>"; };
		00FB6F0D1C04596800EE49F3 /* ViewController.h */ = {isa = PBXFileReference; lastKnownFileType = sourcecode.c.h; path = ViewController.h; sourceTree = "<group>"; };
		00FB6F0E1C04596800EE49F3 /* ViewController.m */ = {isa = PBXFileReference; lastKnownFileType = sourcecode.c.objc; path = ViewController.m; sourceTree = "<group>"; };
		00FB6F111C04596800EE49F3 /* Base */ = {isa = PBXFileReference; lastKnownFileType = file.storyboard; name = Base; path = Base.lproj/Main.storyboard; sourceTree = "<group>"; };
		00FB6F131C04596800EE49F3 /* Assets.xcassets */ = {isa = PBXFileReference; lastKnownFileType = folder.assetcatalog; path = Assets.xcassets; sourceTree = "<group>"; };
		00FB6F161C04596800EE49F3 /* Base */ = {isa = PBXFileReference; lastKnownFileType = file.storyboard; name = Base; path = Base.lproj/LaunchScreen.storyboard; sourceTree = "<group>"; };
		00FB6F181C04596800EE49F3 /* Info.plist */ = {isa = PBXFileReference; lastKnownFileType = text.plist.xml; path = Info.plist; sourceTree = "<group>"; };
		00FB6F1D1C04596800EE49F3 /* pushOrPopTests.xctest */ = {isa = PBXFileReference; explicitFileType = wrapper.cfbundle; includeInIndex = 0; path = pushOrPopTests.xctest; sourceTree = BUILT_PRODUCTS_DIR; };
		00FB6F211C04596800EE49F3 /* pushOrPopTests.m */ = {isa = PBXFileReference; lastKnownFileType = sourcecode.c.objc; path = pushOrPopTests.m; sourceTree = "<group>"; };
		00FB6F231C04596800EE49F3 /* Info.plist */ = {isa = PBXFileReference; lastKnownFileType = text.plist.xml; path = Info.plist; sourceTree = "<group>"; };
		00FB6F281C04596800EE49F3 /* pushOrPopUITests.xctest */ = {isa = PBXFileReference; explicitFileType = wrapper.cfbundle; includeInIndex = 0; path = pushOrPopUITests.xctest; sourceTree = BUILT_PRODUCTS_DIR; };
		00FB6F2C1C04596800EE49F3 /* pushOrPopUITests.m */ = {isa = PBXFileReference; lastKnownFileType = sourcecode.c.objc; path = pushOrPopUITests.m; sourceTree = "<group>"; };
		00FB6F2E1C04596800EE49F3 /* Info.plist */ = {isa = PBXFileReference; lastKnownFileType = text.plist.xml; path = Info.plist; sourceTree = "<group>"; };
		00FB6F3B1C045B9200EE49F3 /* pushOrPop.pch */ = {isa = PBXFileReference; lastKnownFileType = sourcecode.c.h; path = pushOrPop.pch; sourceTree = "<group>"; };
		00FB6F3C1C045C7200EE49F3 /* KNotificationAction.h */ = {isa = PBXFileReference; lastKnownFileType = sourcecode.c.h; path = KNotificationAction.h; sourceTree = "<group>"; };
		A32D26121C32C14D0019D4EF /* RMAsyncQueue.h */ = {isa = PBXFileReference; fileEncoding = 4; lastKnownFileType = sourcecode.c.h; path = RMAsyncQueue.h; sourceTree = "<group>"; };
		A32D26131C32C14D0019D4EF /* RMAsyncQueue.m */ = {isa = PBXFileReference; fileEncoding = 4; lastKnownFileType = sourcecode.c.objc; path = RMAsyncQueue.m; sourceTree = "<group>"; };
		A32D26151C32C1EE0019D4EF /* IModel.h */ = {isa = PBXFileReference; fileEncoding = 4; lastKnownFileType = sourcecode.c.h; path = IModel.h; sourceTree = "<group>"; };
		A34546091C3CCFA2004281FE /* RMDateShareManager.h */ = {isa = PBXFileReference; fileEncoding = 4; lastKnownFileType = sourcecode.c.h; path = RMDateShareManager.h; sourceTree = "<group>"; };
		A345460A1C3CCFA2004281FE /* RMDateShareManager.m */ = {isa = PBXFileReference; fileEncoding = 4; lastKnownFileType = sourcecode.c.objc; path = RMDateShareManager.m; sourceTree = "<group>"; };
		A3592BDD1C26E77C00EC94AC /* NSDictionary+Utils.h */ = {isa = PBXFileReference; fileEncoding = 4; lastKnownFileType = sourcecode.c.h; path = "NSDictionary+Utils.h"; sourceTree = "<group>"; };
		A3592BDE1C26E77D00EC94AC /* NSDictionary+Utils.m */ = {isa = PBXFileReference; fileEncoding = 4; lastKnownFileType = sourcecode.c.objc; path = "NSDictionary+Utils.m"; sourceTree = "<group>"; };
		A3592BE71C28FBA600EC94AC /* UIView+Utils.h */ = {isa = PBXFileReference; fileEncoding = 4; lastKnownFileType = sourcecode.c.h; path = "UIView+Utils.h"; sourceTree = "<group>"; };
		A3592BE81C28FBA600EC94AC /* UIView+Utils.m */ = {isa = PBXFileReference; fileEncoding = 4; lastKnownFileType = sourcecode.c.objc; path = "UIView+Utils.m"; sourceTree = "<group>"; };
		A3592BEA1C290B5500EC94AC /* Foundation.framework */ = {isa = PBXFileReference; lastKnownFileType = wrapper.framework; name = Foundation.framework; path = System/Library/Frameworks/Foundation.framework; sourceTree = SDKROOT; };
		A3592BEC1C290B5B00EC94AC /* UIKit.framework */ = {isa = PBXFileReference; lastKnownFileType = wrapper.framework; name = UIKit.framework; path = System/Library/Frameworks/UIKit.framework; sourceTree = SDKROOT; };
		A3592BEE1C290B6300EC94AC /* CoreGraphics.framework */ = {isa = PBXFileReference; lastKnownFileType = wrapper.framework; name = CoreGraphics.framework; path = System/Library/Frameworks/CoreGraphics.framework; sourceTree = SDKROOT; };
		A38E25C91C128D6300A3DCEC /* BaseTableViewController.h */ = {isa = PBXFileReference; fileEncoding = 4; lastKnownFileType = sourcecode.c.h; path = BaseTableViewController.h; sourceTree = "<group>"; };
		A38E25CA1C128D6300A3DCEC /* BaseTableViewController.m */ = {isa = PBXFileReference; fileEncoding = 4; lastKnownFileType = sourcecode.c.objc; path = BaseTableViewController.m; sourceTree = "<group>"; };
		A38E25CC1C129B7200A3DCEC /* classInfo.h */ = {isa = PBXFileReference; lastKnownFileType = sourcecode.c.h; path = classInfo.h; sourceTree = "<group>"; };
		A38E25D01C12A8B900A3DCEC /* RMBaseCell.h */ = {isa = PBXFileReference; fileEncoding = 4; lastKnownFileType = sourcecode.c.h; path = RMBaseCell.h; sourceTree = "<group>"; };
		A38E25D11C12A8B900A3DCEC /* RMBaseCell.m */ = {isa = PBXFileReference; fileEncoding = 4; lastKnownFileType = sourcecode.c.objc; path = RMBaseCell.m; sourceTree = "<group>"; };
		A38E25D31C12ABB800A3DCEC /* RMTableViewDataSource.h */ = {isa = PBXFileReference; fileEncoding = 4; lastKnownFileType = sourcecode.c.h; path = RMTableViewDataSource.h; sourceTree = "<group>"; };
		A38E25D41C12ABB800A3DCEC /* RMTableViewDataSource.m */ = {isa = PBXFileReference; fileEncoding = 4; lastKnownFileType = sourcecode.c.objc; path = RMTableViewDataSource.m; sourceTree = "<group>"; };
		A3CB87101C2B60E400576755 /* RMCellHeaderView.h */ = {isa = PBXFileReference; fileEncoding = 4; lastKnownFileType = sourcecode.c.h; path = RMCellHeaderView.h; sourceTree = "<group>"; };
		A3CB87111C2B60E400576755 /* RMCellHeaderView.m */ = {isa = PBXFileReference; fileEncoding = 4; lastKnownFileType = sourcecode.c.objc; path = RMCellHeaderView.m; sourceTree = "<group>"; };
		A3CB87141C2B630E00576755 /* RMCellHeaderView+Utils.h */ = {isa = PBXFileReference; fileEncoding = 4; lastKnownFileType = sourcecode.c.h; path = "RMCellHeaderView+Utils.h"; sourceTree = "<group>"; };
		A3CB87151C2B630E00576755 /* RMCellHeaderView+Utils.m */ = {isa = PBXFileReference; fileEncoding = 4; lastKnownFileType = sourcecode.c.objc; path = "RMCellHeaderView+Utils.m"; sourceTree = "<group>"; };
		A3CDAE181C302D990037F51C /* RMBaseModel.h */ = {isa = PBXFileReference; fileEncoding = 4; lastKnownFileType = sourcecode.c.h; path = RMBaseModel.h; sourceTree = "<group>"; };
		A3CDAE191C302D990037F51C /* RMBaseModel.m */ = {isa = PBXFileReference; fileEncoding = 4; lastKnownFileType = sourcecode.c.objc; path = RMBaseModel.m; sourceTree = "<group>"; };
		A3CDAE1C1C302EEF0037F51C /* NSDictionary+NullReplace.h */ = {isa = PBXFileReference; fileEncoding = 4; lastKnownFileType = sourcecode.c.h; path = "NSDictionary+NullReplace.h"; sourceTree = "<group>"; };
		A3CDAE1D1C302EEF0037F51C /* NSDictionary+NullReplace.m */ = {isa = PBXFileReference; fileEncoding = 4; lastKnownFileType = sourcecode.c.objc; path = "NSDictionary+NullReplace.m"; sourceTree = "<group>"; };
		A3FE6A041C140CF4004DF568 /* RMTableViewDelegate.h */ = {isa = PBXFileReference; fileEncoding = 4; lastKnownFileType = sourcecode.c.h; path = RMTableViewDelegate.h; sourceTree = "<group>"; };
		A3FE6A051C140CF4004DF568 /* RMTableViewDelegate.m */ = {isa = PBXFileReference; fileEncoding = 4; lastKnownFileType = sourcecode.c.objc; path = RMTableViewDelegate.m; sourceTree = "<group>"; };
		A3FE6A071C140DEA004DF568 /* TableViewCellClassName.h */ = {isa = PBXFileReference; lastKnownFileType = sourcecode.c.h; path = TableViewCellClassName.h; sourceTree = "<group>"; };
/* End PBXFileReference section */

/* Begin PBXFrameworksBuildPhase section */
		00FB6F011C04596800EE49F3 /* Frameworks */ = {
			isa = PBXFrameworksBuildPhase;
			buildActionMask = 2147483647;
			files = (
				A3592BEF1C290B6300EC94AC /* CoreGraphics.framework in Frameworks */,
				A3592BED1C290B5B00EC94AC /* UIKit.framework in Frameworks */,
				A3592BEB1C290B5500EC94AC /* Foundation.framework in Frameworks */,
			);
			runOnlyForDeploymentPostprocessing = 0;
		};
		00FB6F1A1C04596800EE49F3 /* Frameworks */ = {
			isa = PBXFrameworksBuildPhase;
			buildActionMask = 2147483647;
			files = (
			);
			runOnlyForDeploymentPostprocessing = 0;
		};
		00FB6F251C04596800EE49F3 /* Frameworks */ = {
			isa = PBXFrameworksBuildPhase;
			buildActionMask = 2147483647;
			files = (
			);
			runOnlyForDeploymentPostprocessing = 0;
		};
/* End PBXFrameworksBuildPhase section */

/* Begin PBXGroup section */
		00495C151C06E5B60015DB12 /* Controller */ = {
			isa = PBXGroup;
			children = (
				00929CBE1C11342A00511DF5 /* ThirdVC */,
				00495C1B1C070DC40015DB12 /* SecondVC */,
				00495C1A1C070D9C0015DB12 /* FirstVC */,
				00495C161C06E5CA0015DB12 /* Base */,
			);
			name = Controller;
			sourceTree = "<group>";
		};
		00495C161C06E5CA0015DB12 /* Base */ = {
			isa = PBXGroup;
			children = (
				00495C171C06E5F80015DB12 /* BaseViewController.h */,
				00495C181C06E5F80015DB12 /* BaseViewController.m */,
				A38E25C91C128D6300A3DCEC /* BaseTableViewController.h */,
				A38E25CA1C128D6300A3DCEC /* BaseTableViewController.m */,
			);
			name = Base;
			sourceTree = "<group>";
		};
		00495C1A1C070D9C0015DB12 /* FirstVC */ = {
			isa = PBXGroup;
			children = (
				00FB6F0D1C04596800EE49F3 /* ViewController.h */,
				00FB6F0E1C04596800EE49F3 /* ViewController.m */,
			);
			name = FirstVC;
			sourceTree = "<group>";
		};
		00495C1B1C070DC40015DB12 /* SecondVC */ = {
			isa = PBXGroup;
			children = (
				00495C1C1C070DD90015DB12 /* SecondViewController.h */,
				00495C1D1C070DD90015DB12 /* SecondViewController.m */,
			);
			name = SecondVC;
			sourceTree = "<group>";
		};
		00929CBE1C11342A00511DF5 /* ThirdVC */ = {
			isa = PBXGroup;
			children = (
				00929CBF1C11347400511DF5 /* ThirdViewController.h */,
				00929CC01C11347400511DF5 /* ThirdViewController.m */,
			);
			name = ThirdVC;
			sourceTree = "<group>";
		};
		00929CC21C11376000511DF5 /* Utils */ = {
			isa = PBXGroup;
			children = (
				A34546051C3CCB1C004281FE /* Singleton */,
				A3CDAE1B1C302EB90037F51C /* Cocoa+Utils */,
				A3CB87131C2B62C700576755 /* RMView+Utils */,
				00929CC31C11376600511DF5 /* CutomButton */,
			);
			name = Utils;
			sourceTree = "<group>";
		};
		00929CC31C11376600511DF5 /* CutomButton */ = {
			isa = PBXGroup;
			children = (
				00929CC41C11377C00511DF5 /* pushButton.h */,
				00929CC51C11377C00511DF5 /* pushButton.m */,
			);
			name = CutomButton;
			sourceTree = "<group>";
		};
		00FB6EFB1C04596800EE49F3 = {
			isa = PBXGroup;
			children = (
				00FB6F061C04596800EE49F3 /* pushOrPop */,
				00FB6F201C04596800EE49F3 /* pushOrPopTests */,
				00FB6F2B1C04596800EE49F3 /* pushOrPopUITests */,
				00FB6F051C04596800EE49F3 /* Products */,
			);
			sourceTree = "<group>";
		};
		00FB6F051C04596800EE49F3 /* Products */ = {
			isa = PBXGroup;
			children = (
				00FB6F041C04596800EE49F3 /* pushOrPop.app */,
				00FB6F1D1C04596800EE49F3 /* pushOrPopTests.xctest */,
				00FB6F281C04596800EE49F3 /* pushOrPopUITests.xctest */,
			);
			name = Products;
			sourceTree = "<group>";
		};
		00FB6F061C04596800EE49F3 /* pushOrPop */ = {
			isa = PBXGroup;
			children = (
				A32D26111C32C1210019D4EF /* AsyncQueue */,
				A3592BF01C290B6600EC94AC /* Framework */,
				A3592BE01C26E78E00EC94AC /* Model */,
				A38E25CD1C12A82A00A3DCEC /* View */,
				00929CC21C11376000511DF5 /* Utils */,
				00495C151C06E5B60015DB12 /* Controller */,
				00FB6F3A1C0459DC00EE49F3 /* common */,
				00FB6F0A1C04596800EE49F3 /* AppDelegate.h */,
				00FB6F0B1C04596800EE49F3 /* AppDelegate.m */,
				00FB6F101C04596800EE49F3 /* Main.storyboard */,
				00FB6F131C04596800EE49F3 /* Assets.xcassets */,
				00FB6F151C04596800EE49F3 /* LaunchScreen.storyboard */,
				00FB6F181C04596800EE49F3 /* Info.plist */,
				00FB6F071C04596800EE49F3 /* Supporting Files */,
			);
			path = pushOrPop;
			sourceTree = "<group>";
		};
		00FB6F071C04596800EE49F3 /* Supporting Files */ = {
			isa = PBXGroup;
			children = (
				00FB6F081C04596800EE49F3 /* main.m */,
			);
			name = "Supporting Files";
			sourceTree = "<group>";
		};
		00FB6F201C04596800EE49F3 /* pushOrPopTests */ = {
			isa = PBXGroup;
			children = (
				00FB6F211C04596800EE49F3 /* pushOrPopTests.m */,
				00FB6F231C04596800EE49F3 /* Info.plist */,
			);
			path = pushOrPopTests;
			sourceTree = "<group>";
		};
		00FB6F2B1C04596800EE49F3 /* pushOrPopUITests */ = {
			isa = PBXGroup;
			children = (
				00FB6F2C1C04596800EE49F3 /* pushOrPopUITests.m */,
				00FB6F2E1C04596800EE49F3 /* Info.plist */,
			);
			path = pushOrPopUITests;
			sourceTree = "<group>";
		};
		00FB6F3A1C0459DC00EE49F3 /* common */ = {
			isa = PBXGroup;
			children = (
				00FB6F3B1C045B9200EE49F3 /* pushOrPop.pch */,
				00FB6F3C1C045C7200EE49F3 /* KNotificationAction.h */,
				00495C141C06E05E0015DB12 /* Define.h */,
				A38E25CC1C129B7200A3DCEC /* classInfo.h */,
				A3FE6A071C140DEA004DF568 /* TableViewCellClassName.h */,
			);
			name = common;
			sourceTree = "<group>";
		};
		A32D26111C32C1210019D4EF /* AsyncQueue */ = {
			isa = PBXGroup;
			children = (
				A32D26121C32C14D0019D4EF /* RMAsyncQueue.h */,
				A32D26131C32C14D0019D4EF /* RMAsyncQueue.m */,
			);
			name = AsyncQueue;
			sourceTree = "<group>";
		};
		A34546051C3CCB1C004281FE /* Singleton */ = {
			isa = PBXGroup;
			children = (
				A34546091C3CCFA2004281FE /* RMDateShareManager.h */,
				A345460A1C3CCFA2004281FE /* RMDateShareManager.m */,
			);
			name = Singleton;
			sourceTree = "<group>";
		};
		A3592BE01C26E78E00EC94AC /* Model */ = {
			isa = PBXGroup;
			children = (
				A3CDAE171C302D790037F51C /* BaseModel */,
				A32D26151C32C1EE0019D4EF /* IModel.h */,
			);
			name = Model;
			sourceTree = "<group>";
		};
		A3592BF01C290B6600EC94AC /* Framework */ = {
			isa = PBXGroup;
			children = (
				A3592BEE1C290B6300EC94AC /* CoreGraphics.framework */,
				A3592BEC1C290B5B00EC94AC /* UIKit.framework */,
				A3592BEA1C290B5500EC94AC /* Foundation.framework */,
			);
			name = Framework;
			sourceTree = "<group>";
		};
		A38E25CD1C12A82A00A3DCEC /* View */ = {
			isa = PBXGroup;
			children = (
				A38E25CE1C12A83500A3DCEC /* Base */,
				A3CB870F1C2B603F00576755 /* RMCellView */,
			);
			name = View;
			sourceTree = "<group>";
		};
		A38E25CE1C12A83500A3DCEC /* Base */ = {
			isa = PBXGroup;
			children = (
				A38E25D01C12A8B900A3DCEC /* RMBaseCell.h */,
				A38E25D11C12A8B900A3DCEC /* RMBaseCell.m */,
				A38E25D31C12ABB800A3DCEC /* RMTableViewDataSource.h */,
				A38E25D41C12ABB800A3DCEC /* RMTableViewDataSource.m */,
				A3FE6A041C140CF4004DF568 /* RMTableViewDelegate.h */,
				A3FE6A051C140CF4004DF568 /* RMTableViewDelegate.m */,
			);
			name = Base;
			sourceTree = "<group>";
		};
		A3CB870F1C2B603F00576755 /* RMCellView */ = {
			isa = PBXGroup;
			children = (
				A3CB87101C2B60E400576755 /* RMCellHeaderView.h */,
				A3CB87111C2B60E400576755 /* RMCellHeaderView.m */,
			);
			name = RMCellView;
			sourceTree = "<group>";
		};
		A3CB87131C2B62C700576755 /* RMView+Utils */ = {
			isa = PBXGroup;
			children = (
				A3CB87141C2B630E00576755 /* RMCellHeaderView+Utils.h */,
				A3CB87151C2B630E00576755 /* RMCellHeaderView+Utils.m */,
			);
			name = "RMView+Utils";
			sourceTree = "<group>";
		};
		A3CDAE171C302D790037F51C /* BaseModel */ = {
			isa = PBXGroup;
			children = (
				A3CDAE181C302D990037F51C /* RMBaseModel.h */,
				A3CDAE191C302D990037F51C /* RMBaseModel.m */,
			);
			name = BaseModel;
			sourceTree = "<group>";
		};
		A3CDAE1B1C302EB90037F51C /* Cocoa+Utils */ = {
			isa = PBXGroup;
			children = (
				A3592BDD1C26E77C00EC94AC /* NSDictionary+Utils.h */,
				A3592BDE1C26E77D00EC94AC /* NSDictionary+Utils.m */,
				A3592BE71C28FBA600EC94AC /* UIView+Utils.h */,
				A3592BE81C28FBA600EC94AC /* UIView+Utils.m */,
				A3CDAE1C1C302EEF0037F51C /* NSDictionary+NullReplace.h */,
				A3CDAE1D1C302EEF0037F51C /* NSDictionary+NullReplace.m */,
			);
			name = "Cocoa+Utils";
			sourceTree = "<group>";
		};
/* End PBXGroup section */

/* Begin PBXNativeTarget section */
		00FB6F031C04596800EE49F3 /* pushOrPop */ = {
			isa = PBXNativeTarget;
			buildConfigurationList = 00FB6F311C04596800EE49F3 /* Build configuration list for PBXNativeTarget "pushOrPop" */;
			buildPhases = (
				00FB6F001C04596800EE49F3 /* Sources */,
				00FB6F011C04596800EE49F3 /* Frameworks */,
				00FB6F021C04596800EE49F3 /* Resources */,
			);
			buildRules = (
			);
			dependencies = (
			);
			name = pushOrPop;
			productName = pushOrPop;
			productReference = 00FB6F041C04596800EE49F3 /* pushOrPop.app */;
			productType = "com.apple.product-type.application";
		};
		00FB6F1C1C04596800EE49F3 /* pushOrPopTests */ = {
			isa = PBXNativeTarget;
			buildConfigurationList = 00FB6F341C04596800EE49F3 /* Build configuration list for PBXNativeTarget "pushOrPopTests" */;
			buildPhases = (
				00FB6F191C04596800EE49F3 /* Sources */,
				00FB6F1A1C04596800EE49F3 /* Frameworks */,
				00FB6F1B1C04596800EE49F3 /* Resources */,
			);
			buildRules = (
			);
			dependencies = (
				00FB6F1F1C04596800EE49F3 /* PBXTargetDependency */,
			);
			name = pushOrPopTests;
			productName = pushOrPopTests;
			productReference = 00FB6F1D1C04596800EE49F3 /* pushOrPopTests.xctest */;
			productType = "com.apple.product-type.bundle.unit-test";
		};
		00FB6F271C04596800EE49F3 /* pushOrPopUITests */ = {
			isa = PBXNativeTarget;
			buildConfigurationList = 00FB6F371C04596800EE49F3 /* Build configuration list for PBXNativeTarget "pushOrPopUITests" */;
			buildPhases = (
				00FB6F241C04596800EE49F3 /* Sources */,
				00FB6F251C04596800EE49F3 /* Frameworks */,
				00FB6F261C04596800EE49F3 /* Resources */,
			);
			buildRules = (
			);
			dependencies = (
				00FB6F2A1C04596800EE49F3 /* PBXTargetDependency */,
			);
			name = pushOrPopUITests;
			productName = pushOrPopUITests;
			productReference = 00FB6F281C04596800EE49F3 /* pushOrPopUITests.xctest */;
			productType = "com.apple.product-type.bundle.ui-testing";
		};
/* End PBXNativeTarget section */

/* Begin PBXProject section */
		00FB6EFC1C04596800EE49F3 /* Project object */ = {
			isa = PBXProject;
			attributes = {
				CLASSPREFIX = RM;
				LastUpgradeCheck = 0700;
				ORGANIZATIONNAME = RexMa;
				TargetAttributes = {
					00FB6F031C04596800EE49F3 = {
						CreatedOnToolsVersion = 7.0.1;
						DevelopmentTeam = ZRU9NS7944;
					};
					00FB6F1C1C04596800EE49F3 = {
						CreatedOnToolsVersion = 7.0.1;
						TestTargetID = 00FB6F031C04596800EE49F3;
					};
					00FB6F271C04596800EE49F3 = {
						CreatedOnToolsVersion = 7.0.1;
						TestTargetID = 00FB6F031C04596800EE49F3;
					};
				};
			};
			buildConfigurationList = 00FB6EFF1C04596800EE49F3 /* Build configuration list for PBXProject "pushOrPop" */;
			compatibilityVersion = "Xcode 3.2";
			developmentRegion = English;
			hasScannedForEncodings = 0;
			knownRegions = (
				en,
				Base,
			);
			mainGroup = 00FB6EFB1C04596800EE49F3;
			productRefGroup = 00FB6F051C04596800EE49F3 /* Products */;
			projectDirPath = "";
			projectRoot = "";
			targets = (
				00FB6F031C04596800EE49F3 /* pushOrPop */,
				00FB6F1C1C04596800EE49F3 /* pushOrPopTests */,
				00FB6F271C04596800EE49F3 /* pushOrPopUITests */,
			);
		};
/* End PBXProject section */

/* Begin PBXResourcesBuildPhase section */
		00FB6F021C04596800EE49F3 /* Resources */ = {
			isa = PBXResourcesBuildPhase;
			buildActionMask = 2147483647;
			files = (
				00FB6F171C04596800EE49F3 /* LaunchScreen.storyboard in Resources */,
				00FB6F141C04596800EE49F3 /* Assets.xcassets in Resources */,
				00FB6F121C04596800EE49F3 /* Main.storyboard in Resources */,
			);
			runOnlyForDeploymentPostprocessing = 0;
		};
		00FB6F1B1C04596800EE49F3 /* Resources */ = {
			isa = PBXResourcesBuildPhase;
			buildActionMask = 2147483647;
			files = (
			);
			runOnlyForDeploymentPostprocessing = 0;
		};
		00FB6F261C04596800EE49F3 /* Resources */ = {
			isa = PBXResourcesBuildPhase;
			buildActionMask = 2147483647;
			files = (
			);
			runOnlyForDeploymentPostprocessing = 0;
		};
/* End PBXResourcesBuildPhase section */

/* Begin PBXSourcesBuildPhase section */
		00FB6F001C04596800EE49F3 /* Sources */ = {
			isa = PBXSourcesBuildPhase;
			buildActionMask = 2147483647;
			files = (
				A3592BE91C28FBA600EC94AC /* UIView+Utils.m in Sources */,
				00495C1E1C070DD90015DB12 /* SecondViewController.m in Sources */,
				00FB6F0F1C04596800EE49F3 /* ViewController.m in Sources */,
				A3CDAE1A1C302D990037F51C /* RMBaseModel.m in Sources */,
				00929CC11C11347400511DF5 /* ThirdViewController.m in Sources */,
				A38E25D51C12ABB800A3DCEC /* RMTableViewDataSource.m in Sources */,
				00495C191C06E5F80015DB12 /* BaseViewController.m in Sources */,
				A345460B1C3CCFA2004281FE /* RMDateShareManager.m in Sources */,
				00FB6F0C1C04596800EE49F3 /* AppDelegate.m in Sources */,
				A3FE6A061C140CF4004DF568 /* RMTableViewDelegate.m in Sources */,
				00FB6F091C04596800EE49F3 /* main.m in Sources */,
				A38E25CB1C128D6300A3DCEC /* BaseTableViewController.m in Sources */,
				A3CB87121C2B60E400576755 /* RMCellHeaderView.m in Sources */,
				A38E25D21C12A8B900A3DCEC /* RMBaseCell.m in Sources */,
				A3CDAE1E1C302EEF0037F51C /* NSDictionary+NullReplace.m in Sources */,
				A3592BDF1C26E77D00EC94AC /* NSDictionary+Utils.m in Sources */,
				00929CC61C11377C00511DF5 /* pushButton.m in Sources */,
				A3CB87161C2B630E00576755 /* RMCellHeaderView+Utils.m in Sources */,
				A32D26141C32C14D0019D4EF /* RMAsyncQueue.m in Sources */,
			);
			runOnlyForDeploymentPostprocessing = 0;
		};
		00FB6F191C04596800EE49F3 /* Sources */ = {
			isa = PBXSourcesBuildPhase;
			buildActionMask = 2147483647;
			files = (
				00FB6F221C04596800EE49F3 /* pushOrPopTests.m in Sources */,
			);
			runOnlyForDeploymentPostprocessing = 0;
		};
		00FB6F241C04596800EE49F3 /* Sources */ = {
			isa = PBXSourcesBuildPhase;
			buildActionMask = 2147483647;
			files = (
				00FB6F2D1C04596800EE49F3 /* pushOrPopUITests.m in Sources */,
			);
			runOnlyForDeploymentPostprocessing = 0;
		};
/* End PBXSourcesBuildPhase section */

/* Begin PBXTargetDependency section */
		00FB6F1F1C04596800EE49F3 /* PBXTargetDependency */ = {
			isa = PBXTargetDependency;
			target = 00FB6F031C04596800EE49F3 /* pushOrPop */;
			targetProxy = 00FB6F1E1C04596800EE49F3 /* PBXContainerItemProxy */;
		};
		00FB6F2A1C04596800EE49F3 /* PBXTargetDependency */ = {
			isa = PBXTargetDependency;
			target = 00FB6F031C04596800EE49F3 /* pushOrPop */;
			targetProxy = 00FB6F291C04596800EE49F3 /* PBXContainerItemProxy */;
		};
/* End PBXTargetDependency section */

/* Begin PBXVariantGroup section */
		00FB6F101C04596800EE49F3 /* Main.storyboard */ = {
			isa = PBXVariantGroup;
			children = (
				00FB6F111C04596800EE49F3 /* Base */,
			);
			name = Main.storyboard;
			sourceTree = "<group>";
		};
		00FB6F151C04596800EE49F3 /* LaunchScreen.storyboard */ = {
			isa = PBXVariantGroup;
			children = (
				00FB6F161C04596800EE49F3 /* Base */,
			);
			name = LaunchScreen.storyboard;
			sourceTree = "<group>";
		};
/* End PBXVariantGroup section */

/* Begin XCBuildConfiguration section */
		00FB6F2F1C04596800EE49F3 /* Debug */ = {
			isa = XCBuildConfiguration;
			buildSettings = {
				ALWAYS_SEARCH_USER_PATHS = NO;
				CLANG_CXX_LANGUAGE_STANDARD = "gnu++0x";
				CLANG_CXX_LIBRARY = "libc++";
				CLANG_ENABLE_MODULES = YES;
				CLANG_ENABLE_OBJC_ARC = YES;
				CLANG_WARN_BOOL_CONVERSION = YES;
				CLANG_WARN_CONSTANT_CONVERSION = YES;
				CLANG_WARN_DIRECT_OBJC_ISA_USAGE = YES_ERROR;
				CLANG_WARN_EMPTY_BODY = YES;
				CLANG_WARN_ENUM_CONVERSION = YES;
				CLANG_WARN_INT_CONVERSION = YES;
				CLANG_WARN_OBJC_ROOT_CLASS = YES_ERROR;
				CLANG_WARN_UNREACHABLE_CODE = YES;
				CLANG_WARN__DUPLICATE_METHOD_MATCH = YES;
				"CODE_SIGN_IDENTITY[sdk=iphoneos*]" = "iPhone Developer";
				COPY_PHASE_STRIP = NO;
				DEBUG_INFORMATION_FORMAT = dwarf;
				ENABLE_STRICT_OBJC_MSGSEND = YES;
				ENABLE_TESTABILITY = YES;
				GCC_C_LANGUAGE_STANDARD = gnu99;
				GCC_DYNAMIC_NO_PIC = NO;
				GCC_NO_COMMON_BLOCKS = YES;
				GCC_OPTIMIZATION_LEVEL = 0;
				GCC_PREPROCESSOR_DEFINITIONS = (
					"DEBUG=1",
					"$(inherited)",
				);
				GCC_WARN_64_TO_32_BIT_CONVERSION = YES;
				GCC_WARN_ABOUT_RETURN_TYPE = YES_ERROR;
				GCC_WARN_UNDECLARED_SELECTOR = YES;
				GCC_WARN_UNINITIALIZED_AUTOS = YES_AGGRESSIVE;
				GCC_WARN_UNUSED_FUNCTION = YES;
				GCC_WARN_UNUSED_VARIABLE = YES;
				IPHONEOS_DEPLOYMENT_TARGET = 9.0;
				MTL_ENABLE_DEBUG_INFO = YES;
				ONLY_ACTIVE_ARCH = YES;
				SDKROOT = iphoneos;
				TARGETED_DEVICE_FAMILY = "1,2";
			};
			name = Debug;
		};
		00FB6F301C04596800EE49F3 /* Release */ = {
			isa = XCBuildConfiguration;
			buildSettings = {
				ALWAYS_SEARCH_USER_PATHS = NO;
				CLANG_CXX_LANGUAGE_STANDARD = "gnu++0x";
				CLANG_CXX_LIBRARY = "libc++";
				CLANG_ENABLE_MODULES = YES;
				CLANG_ENABLE_OBJC_ARC = YES;
				CLANG_WARN_BOOL_CONVERSION = YES;
				CLANG_WARN_CONSTANT_CONVERSION = YES;
				CLANG_WARN_DIRECT_OBJC_ISA_USAGE = YES_ERROR;
				CLANG_WARN_EMPTY_BODY = YES;
				CLANG_WARN_ENUM_CONVERSION = YES;
				CLANG_WARN_INT_CONVERSION = YES;
				CLANG_WARN_OBJC_ROOT_CLASS = YES_ERROR;
				CLANG_WARN_UNREACHABLE_CODE = YES;
				CLANG_WARN__DUPLICATE_METHOD_MATCH = YES;
				"CODE_SIGN_IDENTITY[sdk=iphoneos*]" = "iPhone Developer";
				COPY_PHASE_STRIP = NO;
				DEBUG_INFORMATION_FORMAT = "dwarf-with-dsym";
				ENABLE_NS_ASSERTIONS = NO;
				ENABLE_STRICT_OBJC_MSGSEND = YES;
				GCC_C_LANGUAGE_STANDARD = gnu99;
				GCC_NO_COMMON_BLOCKS = YES;
				GCC_WARN_64_TO_32_BIT_CONVERSION = YES;
				GCC_WARN_ABOUT_RETURN_TYPE = YES_ERROR;
				GCC_WARN_UNDECLARED_SELECTOR = YES;
				GCC_WARN_UNINITIALIZED_AUTOS = YES_AGGRESSIVE;
				GCC_WARN_UNUSED_FUNCTION = YES;
				GCC_WARN_UNUSED_VARIABLE = YES;
				IPHONEOS_DEPLOYMENT_TARGET = 9.0;
				MTL_ENABLE_DEBUG_INFO = NO;
				SDKROOT = iphoneos;
				TARGETED_DEVICE_FAMILY = "1,2";
				VALIDATE_PRODUCT = YES;
			};
			name = Release;
		};
		00FB6F321C04596800EE49F3 /* Debug */ = {
			isa = XCBuildConfiguration;
			buildSettings = {
				ASSETCATALOG_COMPILER_APPICON_NAME = AppIcon;
				CODE_SIGN_IDENTITY = "iPhone Developer";
				GCC_INCREASE_PRECOMPILED_HEADER_SHARING = YES;
				GCC_PRECOMPILE_PREFIX_HEADER = YES;
				GCC_PREFIX_HEADER = "$(SRCROOT)/pushOrPop/pushOrPop.pch";
				INFOPLIST_FILE = pushOrPop/Info.plist;
				LD_RUNPATH_SEARCH_PATHS = "$(inherited) @executable_path/Frameworks";
				PRODUCT_BUNDLE_IDENTIFIER = rexma.pushOrPop;
				PRODUCT_NAME = "$(TARGET_NAME)";
				SDKROOT = iphoneos;
			};
			name = Debug;
		};
		00FB6F331C04596800EE49F3 /* Release */ = {
			isa = XCBuildConfiguration;
			buildSettings = {
				ASSETCATALOG_COMPILER_APPICON_NAME = AppIcon;
				CODE_SIGN_IDENTITY = "iPhone Developer";
				GCC_INCREASE_PRECOMPILED_HEADER_SHARING = YES;
				GCC_PRECOMPILE_PREFIX_HEADER = YES;
				GCC_PREFIX_HEADER = "$(SRCROOT)/pushOrPop/pushOrPop.pch";
				INFOPLIST_FILE = pushOrPop/Info.plist;
				LD_RUNPATH_SEARCH_PATHS = "$(inherited) @executable_path/Frameworks";
				PRODUCT_BUNDLE_IDENTIFIER = rexma.pushOrPop;
				PRODUCT_NAME = "$(TARGET_NAME)";
				SDKROOT = iphoneos;
			};
			name = Release;
		};
		00FB6F351C04596800EE49F3 /* Debug */ = {
			isa = XCBuildConfiguration;
			buildSettings = {
				BUNDLE_LOADER = "$(TEST_HOST)";
				INFOPLIST_FILE = pushOrPopTests/Info.plist;
				LD_RUNPATH_SEARCH_PATHS = "$(inherited) @executable_path/Frameworks @loader_path/Frameworks";
				PRODUCT_BUNDLE_IDENTIFIER = rexma.pushOrPopTests;
				PRODUCT_NAME = "$(TARGET_NAME)";
				TEST_HOST = "$(BUILT_PRODUCTS_DIR)/pushOrPop.app/pushOrPop";
			};
			name = Debug;
		};
		00FB6F361C04596800EE49F3 /* Release */ = {
			isa = XCBuildConfiguration;
			buildSettings = {
				BUNDLE_LOADER = "$(TEST_HOST)";
				INFOPLIST_FILE = pushOrPopTests/Info.plist;
				LD_RUNPATH_SEARCH_PATHS = "$(inherited) @executable_path/Frameworks @loader_path/Frameworks";
				PRODUCT_BUNDLE_IDENTIFIER = rexma.pushOrPopTests;
				PRODUCT_NAME = "$(TARGET_NAME)";
				TEST_HOST = "$(BUILT_PRODUCTS_DIR)/pushOrPop.app/pushOrPop";
			};
			name = Release;
		};
		00FB6F381C04596800EE49F3 /* Debug */ = {
			isa = XCBuildConfiguration;
			buildSettings = {
				INFOPLIST_FILE = pushOrPopUITests/Info.plist;
				LD_RUNPATH_SEARCH_PATHS = "$(inherited) @executable_path/Frameworks @loader_path/Frameworks";
				PRODUCT_BUNDLE_IDENTIFIER = rexma.pushOrPopUITests;
				PRODUCT_NAME = "$(TARGET_NAME)";
				TEST_TARGET_NAME = pushOrPop;
				USES_XCTRUNNER = YES;
			};
			name = Debug;
		};
		00FB6F391C04596800EE49F3 /* Release */ = {
			isa = XCBuildConfiguration;
			buildSettings = {
				INFOPLIST_FILE = pushOrPopUITests/Info.plist;
				LD_RUNPATH_SEARCH_PATHS = "$(inherited) @executable_path/Frameworks @loader_path/Frameworks";
				PRODUCT_BUNDLE_IDENTIFIER = rexma.pushOrPopUITests;
				PRODUCT_NAME = "$(TARGET_NAME)";
				TEST_TARGET_NAME = pushOrPop;
				USES_XCTRUNNER = YES;
			};
			name = Release;
		};
/* End XCBuildConfiguration section */

/* Begin XCConfigurationList section */
		00FB6EFF1C04596800EE49F3 /* Build configuration list for PBXProject "pushOrPop" */ = {
			isa = XCConfigurationList;
			buildConfigurations = (
				00FB6F2F1C04596800EE49F3 /* Debug */,
				00FB6F301C04596800EE49F3 /* Release */,
			);
			defaultConfigurationIsVisible = 0;
			defaultConfigurationName = Release;
		};
		00FB6F311C04596800EE49F3 /* Build configuration list for PBXNativeTarget "pushOrPop" */ = {
			isa = XCConfigurationList;
			buildConfigurations = (
				00FB6F321C04596800EE49F3 /* Debug */,
				00FB6F331C04596800EE49F3 /* Release */,
			);
			defaultConfigurationIsVisible = 0;
			defaultConfigurationName = Release;
		};
		00FB6F341C04596800EE49F3 /* Build configuration list for PBXNativeTarget "pushOrPopTests" */ = {
			isa = XCConfigurationList;
			buildConfigurations = (
				00FB6F351C04596800EE49F3 /* Debug */,
				00FB6F361C04596800EE49F3 /* Release */,
			);
			defaultConfigurationIsVisible = 0;
			defaultConfigurationName = Release;
		};
		00FB6F371C04596800EE49F3 /* Build configuration list for PBXNativeTarget "pushOrPopUITests" */ = {
			isa = XCConfigurationList;
			buildConfigurations = (
				00FB6F381C04596800EE49F3 /* Debug */,
				00FB6F391C04596800EE49F3 /* Release */,
			);
			defaultConfigurationIsVisible = 0;
			defaultConfigurationName = Release;
		};
/* End XCConfigurationList section */
	};
	rootObject = 00FB6EFC1C04596800EE49F3 /* Project object */;
}
