// !$*UTF8*$!
{
	archiveVersion = 1;
	classes = {
	};
	objectVersion = 46;
	objects = {

/* Begin PBXBuildFile section */
		00495C191C06E5F80015DB12 /* BaseViewController.m in Sources */ = {isa = PBXBuildFile; fileRef = 00495C181C06E5F80015DB12 /* BaseViewController.m */; };
		00495C1E1C070DD90015DB12 /* SecondViewController.m in Sources */ = {isa = PBXBuildFile; fileRef = 00495C1D1C070DD90015DB12 /* SecondViewController.m */; };
		00929CC11C11347400511DF5 /* ThirdViewController.m in Sources */ = {isa = PBXBuildFile; fileRef = 00929CC01C11347400511DF5 /* ThirdViewController.m */; };
		00929CC61C11377C00511DF5 /* pushButton.m in Sources */ = {isa = PBXBuildFile; fileRef = 00929CC51C11377C00511DF5 /* pushButton.m */; };
		00FB6F091C04596800EE49F3 /* main.m in Sources */ = {isa = PBXBuildFile; fileRef = 00FB6F081C04596800EE49F3 /* main.m */; };
		00FB6F0C1C04596800EE49F3 /* AppDelegate.m in Sources */ = {isa = PBXBuildFile; fileRef = 00FB6F0B1C04596800EE49F3 /* AppDelegate.m */; };
		00FB6F0F1C04596800EE49F3 /* ViewController.m in Sources */ = {isa = PBXBuildFile; fileRef = 00FB6F0E1C04596800EE49F3 /* ViewController.m */; };
		00FB6F121C04596800EE49F3 /* Main.storyboard in Resources */ = {isa = PBXBuildFile; fileRef = 00FB6F101C04596800EE49F3 /* Main.storyboard */; };
		00FB6F141C04596800EE49F3 /* Assets.xcassets in Resources */ = {isa = PBXBuildFile; fileRef = 00FB6F131C04596800EE49F3 /* Assets.xcassets */; };
		00FB6F171C04596800EE49F3 /* LaunchScreen.storyboard in Resources */ = {isa = PBXBuildFile; fileRef = 00FB6F151C04596800EE49F3 /* LaunchScreen.storyboard */; };
		00FB6F221C04596800EE49F3 /* pushOrPopTests.m in Sources */ = {isa = PBXBuildFile; fileRef = 00FB6F211C04596800EE49F3 /* pushOrPopTests.m */; };
		00FB6F2D1C04596800EE49F3 /* pushOrPopUITests.m in Sources */ = {isa = PBXBuildFile; fileRef = 00FB6F2C1C04596800EE49F3 /* pushOrPopUITests.m */; };
		9B082787E964ABACED916E5F /* libPods.a in Frameworks */ = {isa = PBXBuildFile; fileRef = DB1DC4013B896AF3D15CE30C /* libPods.a */; };
		9B1705C61C5EF32E002FFD0C /* RMProxy.m in Sources */ = {isa = PBXBuildFile; fileRef = 9B1705C51C5EF32E002FFD0C /* RMProxy.m */; };
		9B1705CF1C605A57002FFD0C /* RMTableView.m in Sources */ = {isa = PBXBuildFile; fileRef = 9B1705CE1C605A57002FFD0C /* RMTableView.m */; };
		9B1B6DEB1C6EBD240022C65B /* RMWeatherViewController.m in Sources */ = {isa = PBXBuildFile; fileRef = 9B1B6DEA1C6EBD240022C65B /* RMWeatherViewController.m */; };
		9B1B6DF11C6F13EB0022C65B /* RMWeatherRequest.m in Sources */ = {isa = PBXBuildFile; fileRef = 9B1B6DF01C6F13EB0022C65B /* RMWeatherRequest.m */; };
		9B1B73381C6F1B4B0022C65B /* Info.plist in Resources */ = {isa = PBXBuildFile; fileRef = 9B1B731E1C6F1B4B0022C65B /* Info.plist */; };
		9B1B73391C6F1B4B0022C65B /* MASCompositeConstraint.m in Sources */ = {isa = PBXBuildFile; fileRef = 9B1B73201C6F1B4B0022C65B /* MASCompositeConstraint.m */; };
		9B1B733A1C6F1B4B0022C65B /* MASConstraint.m in Sources */ = {isa = PBXBuildFile; fileRef = 9B1B73231C6F1B4B0022C65B /* MASConstraint.m */; };
		9B1B733B1C6F1B4B0022C65B /* MASConstraintMaker.m in Sources */ = {isa = PBXBuildFile; fileRef = 9B1B73251C6F1B4B0022C65B /* MASConstraintMaker.m */; };
		9B1B733C1C6F1B4B0022C65B /* MASLayoutConstraint.m in Sources */ = {isa = PBXBuildFile; fileRef = 9B1B73271C6F1B4B0022C65B /* MASLayoutConstraint.m */; };
		9B1B733D1C6F1B4B0022C65B /* MASViewAttribute.m in Sources */ = {isa = PBXBuildFile; fileRef = 9B1B732B1C6F1B4B0022C65B /* MASViewAttribute.m */; };
		9B1B733E1C6F1B4B0022C65B /* MASViewConstraint.m in Sources */ = {isa = PBXBuildFile; fileRef = 9B1B732D1C6F1B4B0022C65B /* MASViewConstraint.m */; };
		9B1B733F1C6F1B4B0022C65B /* NSArray+MASAdditions.m in Sources */ = {isa = PBXBuildFile; fileRef = 9B1B732F1C6F1B4B0022C65B /* NSArray+MASAdditions.m */; };
		9B1B73401C6F1B4B0022C65B /* NSLayoutConstraint+MASDebugAdditions.m in Sources */ = {isa = PBXBuildFile; fileRef = 9B1B73321C6F1B4B0022C65B /* NSLayoutConstraint+MASDebugAdditions.m */; };
		9B1B73411C6F1B4B0022C65B /* View+MASAdditions.m in Sources */ = {isa = PBXBuildFile; fileRef = 9B1B73341C6F1B4B0022C65B /* View+MASAdditions.m */; };
		9B1B73421C6F1B4B0022C65B /* ViewController+MASAdditions.m in Sources */ = {isa = PBXBuildFile; fileRef = 9B1B73371C6F1B4B0022C65B /* ViewController+MASAdditions.m */; };
		9B1B73511C6F1B620022C65B /* AFHTTPSessionManager.m in Sources */ = {isa = PBXBuildFile; fileRef = 9B1B73451C6F1B620022C65B /* AFHTTPSessionManager.m */; };
		9B1B73521C6F1B620022C65B /* AFNetworkReachabilityManager.m in Sources */ = {isa = PBXBuildFile; fileRef = 9B1B73481C6F1B620022C65B /* AFNetworkReachabilityManager.m */; };
		9B1B73531C6F1B620022C65B /* AFSecurityPolicy.m in Sources */ = {isa = PBXBuildFile; fileRef = 9B1B734A1C6F1B620022C65B /* AFSecurityPolicy.m */; };
		9B1B73541C6F1B620022C65B /* AFURLRequestSerialization.m in Sources */ = {isa = PBXBuildFile; fileRef = 9B1B734C1C6F1B620022C65B /* AFURLRequestSerialization.m */; };
		9B1B73551C6F1B620022C65B /* AFURLResponseSerialization.m in Sources */ = {isa = PBXBuildFile; fileRef = 9B1B734E1C6F1B620022C65B /* AFURLResponseSerialization.m */; };
		9B1B73561C6F1B620022C65B /* AFURLSessionManager.m in Sources */ = {isa = PBXBuildFile; fileRef = 9B1B73501C6F1B620022C65B /* AFURLSessionManager.m */; };
		9B1B794F1C6FF0420022C65B /* RMClient.m in Sources */ = {isa = PBXBuildFile; fileRef = 9B1B794E1C6FF0420022C65B /* RMClient.m */; };
		9B1B79531C70132B0022C65B /* libReactiveCocoa.a in Frameworks */ = {isa = PBXBuildFile; fileRef = 9B1B79521C70132B0022C65B /* libReactiveCocoa.a */; };
		9B1B79571C7015AA0022C65B /* RMWeatherModel.m in Sources */ = {isa = PBXBuildFile; fileRef = 9B1B79561C7015AA0022C65B /* RMWeatherModel.m */; };
		9B7A31161C6DAFB2007D6B54 /* UITableView+RMIndexPathHeightCache.m in Sources */ = {isa = PBXBuildFile; fileRef = 9B7A31151C6DAFB2007D6B54 /* UITableView+RMIndexPathHeightCache.m */; };
		A32D26141C32C14D0019D4EF /* RMAsyncQueue.m in Sources */ = {isa = PBXBuildFile; fileRef = A32D26131C32C14D0019D4EF /* RMAsyncQueue.m */; };
		A345460B1C3CCFA2004281FE /* RMDateShareManager.m in Sources */ = {isa = PBXBuildFile; fileRef = A345460A1C3CCFA2004281FE /* RMDateShareManager.m */; };
		A345460E1C3CE06E004281FE /* CALayer+Utils.m in Sources */ = {isa = PBXBuildFile; fileRef = A345460D1C3CE06E004281FE /* CALayer+Utils.m */; };
		A345469D1C420B5B004281FE /* UIViewController+MethodSwizzle.m in Sources */ = {isa = PBXBuildFile; fileRef = A345469C1C420B5B004281FE /* UIViewController+MethodSwizzle.m */; };
		A3592BDF1C26E77D00EC94AC /* NSDictionary+Utils.m in Sources */ = {isa = PBXBuildFile; fileRef = A3592BDE1C26E77D00EC94AC /* NSDictionary+Utils.m */; };
		A3592BE91C28FBA600EC94AC /* UIView+Utils.m in Sources */ = {isa = PBXBuildFile; fileRef = A3592BE81C28FBA600EC94AC /* UIView+Utils.m */; };
		A3592BEB1C290B5500EC94AC /* Foundation.framework in Frameworks */ = {isa = PBXBuildFile; fileRef = A3592BEA1C290B5500EC94AC /* Foundation.framework */; };
		A3592BED1C290B5B00EC94AC /* UIKit.framework in Frameworks */ = {isa = PBXBuildFile; fileRef = A3592BEC1C290B5B00EC94AC /* UIKit.framework */; };
		A3592BEF1C290B6300EC94AC /* CoreGraphics.framework in Frameworks */ = {isa = PBXBuildFile; fileRef = A3592BEE1C290B6300EC94AC /* CoreGraphics.framework */; };
		A369565F1C55F0B400C60C20 /* FMDatabase.m in Sources */ = {isa = PBXBuildFile; fileRef = A36956551C55F0B400C60C20 /* FMDatabase.m */; };
		A36956601C55F0B400C60C20 /* FMDatabaseAdditions.m in Sources */ = {isa = PBXBuildFile; fileRef = A36956571C55F0B400C60C20 /* FMDatabaseAdditions.m */; };
		A36956611C55F0B400C60C20 /* FMDatabasePool.m in Sources */ = {isa = PBXBuildFile; fileRef = A36956591C55F0B400C60C20 /* FMDatabasePool.m */; };
		A36956621C55F0B400C60C20 /* FMDatabaseQueue.m in Sources */ = {isa = PBXBuildFile; fileRef = A369565B1C55F0B400C60C20 /* FMDatabaseQueue.m */; };
		A36956631C55F0B400C60C20 /* FMResultSet.m in Sources */ = {isa = PBXBuildFile; fileRef = A369565E1C55F0B400C60C20 /* FMResultSet.m */; };
		A369566A1C59BBF000C60C20 /* RMCoffeeListDataBase.m in Sources */ = {isa = PBXBuildFile; fileRef = A36956691C59BBF000C60C20 /* RMCoffeeListDataBase.m */; };
		A38E25CB1C128D6300A3DCEC /* BaseTableViewController.m in Sources */ = {isa = PBXBuildFile; fileRef = A38E25CA1C128D6300A3DCEC /* BaseTableViewController.m */; };
		A38E25D21C12A8B900A3DCEC /* RMBaseCell.m in Sources */ = {isa = PBXBuildFile; fileRef = A38E25D11C12A8B900A3DCEC /* RMBaseCell.m */; };
		A38E25D51C12ABB800A3DCEC /* RMTableViewDataSource.m in Sources */ = {isa = PBXBuildFile; fileRef = A38E25D41C12ABB800A3DCEC /* RMTableViewDataSource.m */; };
		A3CB87121C2B60E400576755 /* RMCellHeaderView.m in Sources */ = {isa = PBXBuildFile; fileRef = A3CB87111C2B60E400576755 /* RMCellHeaderView.m */; };
		A3CB87161C2B630E00576755 /* RMCellHeaderView+Utils.m in Sources */ = {isa = PBXBuildFile; fileRef = A3CB87151C2B630E00576755 /* RMCellHeaderView+Utils.m */; };
		A3CDAE1A1C302D990037F51C /* RMBaseModel.m in Sources */ = {isa = PBXBuildFile; fileRef = A3CDAE191C302D990037F51C /* RMBaseModel.m */; };
		A3CDAE1E1C302EEF0037F51C /* NSDictionary+NullReplace.m in Sources */ = {isa = PBXBuildFile; fileRef = A3CDAE1D1C302EEF0037F51C /* NSDictionary+NullReplace.m */; };
		A3F316BE1C4F8DA300D11C10 /* libsqlite3.0.tbd in Frameworks */ = {isa = PBXBuildFile; fileRef = A3F316BD1C4F8DA300D11C10 /* libsqlite3.0.tbd */; };
		A3F316C11C4F8FE200D11C10 /* UIImageView+Utils.m in Sources */ = {isa = PBXBuildFile; fileRef = A3F316C01C4F8FE200D11C10 /* UIImageView+Utils.m */; };
		A3F316CC1C50B8B100D11C10 /* AMap.bundle in Resources */ = {isa = PBXBuildFile; fileRef = A3F316C91C50B8B000D11C10 /* AMap.bundle */; };
		A3F316CD1C50B8B100D11C10 /* AMapLocationKit.framework in Frameworks */ = {isa = PBXBuildFile; fileRef = A3F316CA1C50B8B000D11C10 /* AMapLocationKit.framework */; };
		A3F316CE1C50B8B100D11C10 /* MAMapKit.framework in Frameworks */ = {isa = PBXBuildFile; fileRef = A3F316CB1C50B8B100D11C10 /* MAMapKit.framework */; };
		A3F316D01C50B8FF00D11C10 /* CoreTelephony.framework in Frameworks */ = {isa = PBXBuildFile; fileRef = A3F316CF1C50B8FE00D11C10 /* CoreTelephony.framework */; };
		A3F316D21C50B90C00D11C10 /* SystemConfiguration.framework in Frameworks */ = {isa = PBXBuildFile; fileRef = A3F316D11C50B90C00D11C10 /* SystemConfiguration.framework */; };
		A3F316D41C50B91500D11C10 /* Security.framework in Frameworks */ = {isa = PBXBuildFile; fileRef = A3F316D31C50B91500D11C10 /* Security.framework */; };
		A3F316D61C50B91E00D11C10 /* libz.tbd in Frameworks */ = {isa = PBXBuildFile; fileRef = A3F316D51C50B91E00D11C10 /* libz.tbd */; };
		A3F316D81C50B92700D11C10 /* libstdc++.6.0.9.tbd in Frameworks */ = {isa = PBXBuildFile; fileRef = A3F316D71C50B92700D11C10 /* libstdc++.6.0.9.tbd */; };
		A3F316DC1C50CA9700D11C10 /* RMTextAttribute.m in Sources */ = {isa = PBXBuildFile; fileRef = A3F316DB1C50CA9700D11C10 /* RMTextAttribute.m */; };
		A3F316E31C535B8F00D11C10 /* RMLocationShareManager.m in Sources */ = {isa = PBXBuildFile; fileRef = A3F316E21C535B8F00D11C10 /* RMLocationShareManager.m */; };
		A3F316E51C53646100D11C10 /* QuartzCore.framework in Frameworks */ = {isa = PBXBuildFile; fileRef = A3F316E41C53646100D11C10 /* QuartzCore.framework */; };
		A3F316E71C53647D00D11C10 /* CoreLocation.framework in Frameworks */ = {isa = PBXBuildFile; fileRef = A3F316E61C53647D00D11C10 /* CoreLocation.framework */; };
		A3F316E91C53651800D11C10 /* libc++.tbd in Frameworks */ = {isa = PBXBuildFile; fileRef = A3F316E81C53651800D11C10 /* libc++.tbd */; };
		A3F316EB1C5365FA00D11C10 /* AMapSearchKit.framework in Frameworks */ = {isa = PBXBuildFile; fileRef = A3F316EA1C5365FA00D11C10 /* AMapSearchKit.framework */; };
		A3F316F11C536B0000D11C10 /* RMPOISearchRequest.m in Sources */ = {isa = PBXBuildFile; fileRef = A3F316F01C536B0000D11C10 /* RMPOISearchRequest.m */; };
		A3F316F51C537B1100D11C10 /* RMPOITableViewCell.m in Sources */ = {isa = PBXBuildFile; fileRef = A3F316F31C537B1000D11C10 /* RMPOITableViewCell.m */; };
		A3F316F61C537B1100D11C10 /* RMPOITableViewCell.xib in Resources */ = {isa = PBXBuildFile; fileRef = A3F316F41C537B1000D11C10 /* RMPOITableViewCell.xib */; };
		A3FE6A061C140CF4004DF568 /* RMTableViewDelegate.m in Sources */ = {isa = PBXBuildFile; fileRef = A3FE6A051C140CF4004DF568 /* RMTableViewDelegate.m */; };
/* End PBXBuildFile section */

/* Begin PBXContainerItemProxy section */
		00FB6F1E1C04596800EE49F3 /* PBXContainerItemProxy */ = {
			isa = PBXContainerItemProxy;
			containerPortal = 00FB6EFC1C04596800EE49F3 /* Project object */;
			proxyType = 1;
			remoteGlobalIDString = 00FB6F031C04596800EE49F3;
			remoteInfo = pushOrPop;
		};
		00FB6F291C04596800EE49F3 /* PBXContainerItemProxy */ = {
			isa = PBXContainerItemProxy;
			containerPortal = 00FB6EFC1C04596800EE49F3 /* Project object */;
			proxyType = 1;
			remoteGlobalIDString = 00FB6F031C04596800EE49F3;
			remoteInfo = pushOrPop;
		};
/* End PBXContainerItemProxy section */

/* Begin PBXFileReference section */
		00495C141C06E05E0015DB12 /* Define.h */ = {isa = PBXFileReference; lastKnownFileType = sourcecode.c.h; path = Define.h; sourceTree = "<group>"; };
		00495C171C06E5F80015DB12 /* BaseViewController.h */ = {isa = PBXFileReference; fileEncoding = 4; lastKnownFileType = sourcecode.c.h; path = BaseViewController.h; sourceTree = "<group>"; };
		00495C181C06E5F80015DB12 /* BaseViewController.m */ = {isa = PBXFileReference; fileEncoding = 4; lastKnownFileType = sourcecode.c.objc; path = BaseViewController.m; sourceTree = "<group>"; };
		00495C1C1C070DD90015DB12 /* SecondViewController.h */ = {isa = PBXFileReference; fileEncoding = 4; lastKnownFileType = sourcecode.c.h; path = SecondViewController.h; sourceTree = "<group>"; };
		00495C1D1C070DD90015DB12 /* SecondViewController.m */ = {isa = PBXFileReference; fileEncoding = 4; lastKnownFileType = sourcecode.c.objc; path = SecondViewController.m; sourceTree = "<group>"; };
		00929CBF1C11347400511DF5 /* ThirdViewController.h */ = {isa = PBXFileReference; fileEncoding = 4; lastKnownFileType = sourcecode.c.h; path = ThirdViewController.h; sourceTree = "<group>"; };
		00929CC01C11347400511DF5 /* ThirdViewController.m */ = {isa = PBXFileReference; fileEncoding = 4; lastKnownFileType = sourcecode.c.objc; path = ThirdViewController.m; sourceTree = "<group>"; };
		00929CC41C11377C00511DF5 /* pushButton.h */ = {isa = PBXFileReference; fileEncoding = 4; lastKnownFileType = sourcecode.c.h; path = pushButton.h; sourceTree = "<group>"; };
		00929CC51C11377C00511DF5 /* pushButton.m */ = {isa = PBXFileReference; fileEncoding = 4; lastKnownFileType = sourcecode.c.objc; path = pushButton.m; sourceTree = "<group>"; };
		00FB6F041C04596800EE49F3 /* pushOrPop.app */ = {isa = PBXFileReference; explicitFileType = wrapper.application; includeInIndex = 0; path = pushOrPop.app; sourceTree = BUILT_PRODUCTS_DIR; };
		00FB6F081C04596800EE49F3 /* main.m */ = {isa = PBXFileReference; lastKnownFileType = sourcecode.c.objc; path = main.m; sourceTree = "<group>"; };
		00FB6F0A1C04596800EE49F3 /* AppDelegate.h */ = {isa = PBXFileReference; lastKnownFileType = sourcecode.c.h; path = AppDelegate.h; sourceTree = "<group>"; };
		00FB6F0B1C04596800EE49F3 /* AppDelegate.m */ = {isa = PBXFileReference; lastKnownFileType = sourcecode.c.objc; path = AppDelegate.m; sourceTree = "<group>"; };
		00FB6F0D1C04596800EE49F3 /* ViewController.h */ = {isa = PBXFileReference; lastKnownFileType = sourcecode.c.h; path = ViewController.h; sourceTree = "<group>"; };
		00FB6F0E1C04596800EE49F3 /* ViewController.m */ = {isa = PBXFileReference; lastKnownFileType = sourcecode.c.objc; path = ViewController.m; sourceTree = "<group>"; };
		00FB6F111C04596800EE49F3 /* Base */ = {isa = PBXFileReference; lastKnownFileType = file.storyboard; name = Base; path = Base.lproj/Main.storyboard; sourceTree = "<group>"; };
		00FB6F131C04596800EE49F3 /* Assets.xcassets */ = {isa = PBXFileReference; lastKnownFileType = folder.assetcatalog; path = Assets.xcassets; sourceTree = "<group>"; };
		00FB6F161C04596800EE49F3 /* Base */ = {isa = PBXFileReference; lastKnownFileType = file.storyboard; name = Base; path = Base.lproj/LaunchScreen.storyboard; sourceTree = "<group>"; };
		00FB6F181C04596800EE49F3 /* Info.plist */ = {isa = PBXFileReference; lastKnownFileType = text.plist.xml; path = Info.plist; sourceTree = "<group>"; };
		00FB6F1D1C04596800EE49F3 /* pushOrPopTests.xctest */ = {isa = PBXFileReference; explicitFileType = wrapper.cfbundle; includeInIndex = 0; path = pushOrPopTests.xctest; sourceTree = BUILT_PRODUCTS_DIR; };
		00FB6F211C04596800EE49F3 /* pushOrPopTests.m */ = {isa = PBXFileReference; lastKnownFileType = sourcecode.c.objc; path = pushOrPopTests.m; sourceTree = "<group>"; };
		00FB6F231C04596800EE49F3 /* Info.plist */ = {isa = PBXFileReference; lastKnownFileType = text.plist.xml; path = Info.plist; sourceTree = "<group>"; };
		00FB6F281C04596800EE49F3 /* pushOrPopUITests.xctest */ = {isa = PBXFileReference; explicitFileType = wrapper.cfbundle; includeInIndex = 0; path = pushOrPopUITests.xctest; sourceTree = BUILT_PRODUCTS_DIR; };
		00FB6F2C1C04596800EE49F3 /* pushOrPopUITests.m */ = {isa = PBXFileReference; lastKnownFileType = sourcecode.c.objc; path = pushOrPopUITests.m; sourceTree = "<group>"; };
		00FB6F2E1C04596800EE49F3 /* Info.plist */ = {isa = PBXFileReference; lastKnownFileType = text.plist.xml; path = Info.plist; sourceTree = "<group>"; };
		00FB6F3B1C045B9200EE49F3 /* pushOrPop.pch */ = {isa = PBXFileReference; lastKnownFileType = sourcecode.c.h; path = pushOrPop.pch; sourceTree = "<group>"; };
		00FB6F3C1C045C7200EE49F3 /* KNotificationAction.h */ = {isa = PBXFileReference; lastKnownFileType = sourcecode.c.h; path = KNotificationAction.h; sourceTree = "<group>"; };
		5553FA276B96DA61BC6C8CB1 /* Pods.debug.xcconfig */ = {isa = PBXFileReference; includeInIndex = 1; lastKnownFileType = text.xcconfig; name = Pods.debug.xcconfig; path = "Pods/Target Support Files/Pods/Pods.debug.xcconfig"; sourceTree = "<group>"; };
		9B1705C41C5EF32E002FFD0C /* RMProxy.h */ = {isa = PBXFileReference; fileEncoding = 4; lastKnownFileType = sourcecode.c.h; path = RMProxy.h; sourceTree = "<group>"; };
		9B1705C51C5EF32E002FFD0C /* RMProxy.m */ = {isa = PBXFileReference; fileEncoding = 4; lastKnownFileType = sourcecode.c.objc; path = RMProxy.m; sourceTree = "<group>"; };
		9B1705CD1C605A57002FFD0C /* RMTableView.h */ = {isa = PBXFileReference; fileEncoding = 4; lastKnownFileType = sourcecode.c.h; path = RMTableView.h; sourceTree = "<group>"; };
		9B1705CE1C605A57002FFD0C /* RMTableView.m */ = {isa = PBXFileReference; fileEncoding = 4; lastKnownFileType = sourcecode.c.objc; path = RMTableView.m; sourceTree = "<group>"; };
		9B1B6DE91C6EBD240022C65B /* RMWeatherViewController.h */ = {isa = PBXFileReference; fileEncoding = 4; lastKnownFileType = sourcecode.c.h; path = RMWeatherViewController.h; sourceTree = "<group>"; };
		9B1B6DEA1C6EBD240022C65B /* RMWeatherViewController.m */ = {isa = PBXFileReference; fileEncoding = 4; lastKnownFileType = sourcecode.c.objc; path = RMWeatherViewController.m; sourceTree = "<group>"; };
		9B1B6DEF1C6F13EB0022C65B /* RMWeatherRequest.h */ = {isa = PBXFileReference; fileEncoding = 4; lastKnownFileType = sourcecode.c.h; path = RMWeatherRequest.h; sourceTree = "<group>"; };
		9B1B6DF01C6F13EB0022C65B /* RMWeatherRequest.m */ = {isa = PBXFileReference; fileEncoding = 4; lastKnownFileType = sourcecode.c.objc; path = RMWeatherRequest.m; sourceTree = "<group>"; };
		9B1B731E1C6F1B4B0022C65B /* Info.plist */ = {isa = PBXFileReference; fileEncoding = 4; lastKnownFileType = text.plist.xml; path = Info.plist; sourceTree = "<group>"; };
		9B1B731F1C6F1B4B0022C65B /* MASCompositeConstraint.h */ = {isa = PBXFileReference; fileEncoding = 4; lastKnownFileType = sourcecode.c.h; path = MASCompositeConstraint.h; sourceTree = "<group>"; };
		9B1B73201C6F1B4B0022C65B /* MASCompositeConstraint.m */ = {isa = PBXFileReference; fileEncoding = 4; lastKnownFileType = sourcecode.c.objc; path = MASCompositeConstraint.m; sourceTree = "<group>"; };
		9B1B73211C6F1B4B0022C65B /* MASConstraint+Private.h */ = {isa = PBXFileReference; fileEncoding = 4; lastKnownFileType = sourcecode.c.h; path = "MASConstraint+Private.h"; sourceTree = "<group>"; };
		9B1B73221C6F1B4B0022C65B /* MASConstraint.h */ = {isa = PBXFileReference; fileEncoding = 4; lastKnownFileType = sourcecode.c.h; path = MASConstraint.h; sourceTree = "<group>"; };
		9B1B73231C6F1B4B0022C65B /* MASConstraint.m */ = {isa = PBXFileReference; fileEncoding = 4; lastKnownFileType = sourcecode.c.objc; path = MASConstraint.m; sourceTree = "<group>"; };
		9B1B73241C6F1B4B0022C65B /* MASConstraintMaker.h */ = {isa = PBXFileReference; fileEncoding = 4; lastKnownFileType = sourcecode.c.h; path = MASConstraintMaker.h; sourceTree = "<group>"; };
		9B1B73251C6F1B4B0022C65B /* MASConstraintMaker.m */ = {isa = PBXFileReference; fileEncoding = 4; lastKnownFileType = sourcecode.c.objc; path = MASConstraintMaker.m; sourceTree = "<group>"; };
		9B1B73261C6F1B4B0022C65B /* MASLayoutConstraint.h */ = {isa = PBXFileReference; fileEncoding = 4; lastKnownFileType = sourcecode.c.h; path = MASLayoutConstraint.h; sourceTree = "<group>"; };
		9B1B73271C6F1B4B0022C65B /* MASLayoutConstraint.m */ = {isa = PBXFileReference; fileEncoding = 4; lastKnownFileType = sourcecode.c.objc; path = MASLayoutConstraint.m; sourceTree = "<group>"; };
		9B1B73281C6F1B4B0022C65B /* Masonry.h */ = {isa = PBXFileReference; fileEncoding = 4; lastKnownFileType = sourcecode.c.h; path = Masonry.h; sourceTree = "<group>"; };
		9B1B73291C6F1B4B0022C65B /* MASUtilities.h */ = {isa = PBXFileReference; fileEncoding = 4; lastKnownFileType = sourcecode.c.h; path = MASUtilities.h; sourceTree = "<group>"; };
		9B1B732A1C6F1B4B0022C65B /* MASViewAttribute.h */ = {isa = PBXFileReference; fileEncoding = 4; lastKnownFileType = sourcecode.c.h; path = MASViewAttribute.h; sourceTree = "<group>"; };
		9B1B732B1C6F1B4B0022C65B /* MASViewAttribute.m */ = {isa = PBXFileReference; fileEncoding = 4; lastKnownFileType = sourcecode.c.objc; path = MASViewAttribute.m; sourceTree = "<group>"; };
		9B1B732C1C6F1B4B0022C65B /* MASViewConstraint.h */ = {isa = PBXFileReference; fileEncoding = 4; lastKnownFileType = sourcecode.c.h; path = MASViewConstraint.h; sourceTree = "<group>"; };
		9B1B732D1C6F1B4B0022C65B /* MASViewConstraint.m */ = {isa = PBXFileReference; fileEncoding = 4; lastKnownFileType = sourcecode.c.objc; path = MASViewConstraint.m; sourceTree = "<group>"; };
		9B1B732E1C6F1B4B0022C65B /* NSArray+MASAdditions.h */ = {isa = PBXFileReference; fileEncoding = 4; lastKnownFileType = sourcecode.c.h; path = "NSArray+MASAdditions.h"; sourceTree = "<group>"; };
		9B1B732F1C6F1B4B0022C65B /* NSArray+MASAdditions.m */ = {isa = PBXFileReference; fileEncoding = 4; lastKnownFileType = sourcecode.c.objc; path = "NSArray+MASAdditions.m"; sourceTree = "<group>"; };
		9B1B73301C6F1B4B0022C65B /* NSArray+MASShorthandAdditions.h */ = {isa = PBXFileReference; fileEncoding = 4; lastKnownFileType = sourcecode.c.h; path = "NSArray+MASShorthandAdditions.h"; sourceTree = "<group>"; };
		9B1B73311C6F1B4B0022C65B /* NSLayoutConstraint+MASDebugAdditions.h */ = {isa = PBXFileReference; fileEncoding = 4; lastKnownFileType = sourcecode.c.h; path = "NSLayoutConstraint+MASDebugAdditions.h"; sourceTree = "<group>"; };
		9B1B73321C6F1B4B0022C65B /* NSLayoutConstraint+MASDebugAdditions.m */ = {isa = PBXFileReference; fileEncoding = 4; lastKnownFileType = sourcecode.c.objc; path = "NSLayoutConstraint+MASDebugAdditions.m"; sourceTree = "<group>"; };
		9B1B73331C6F1B4B0022C65B /* View+MASAdditions.h */ = {isa = PBXFileReference; fileEncoding = 4; lastKnownFileType = sourcecode.c.h; path = "View+MASAdditions.h"; sourceTree = "<group>"; };
		9B1B73341C6F1B4B0022C65B /* View+MASAdditions.m */ = {isa = PBXFileReference; fileEncoding = 4; lastKnownFileType = sourcecode.c.objc; path = "View+MASAdditions.m"; sourceTree = "<group>"; };
		9B1B73351C6F1B4B0022C65B /* View+MASShorthandAdditions.h */ = {isa = PBXFileReference; fileEncoding = 4; lastKnownFileType = sourcecode.c.h; path = "View+MASShorthandAdditions.h"; sourceTree = "<group>"; };
		9B1B73361C6F1B4B0022C65B /* ViewController+MASAdditions.h */ = {isa = PBXFileReference; fileEncoding = 4; lastKnownFileType = sourcecode.c.h; path = "ViewController+MASAdditions.h"; sourceTree = "<group>"; };
		9B1B73371C6F1B4B0022C65B /* ViewController+MASAdditions.m */ = {isa = PBXFileReference; fileEncoding = 4; lastKnownFileType = sourcecode.c.objc; path = "ViewController+MASAdditions.m"; sourceTree = "<group>"; };
		9B1B73441C6F1B620022C65B /* AFHTTPSessionManager.h */ = {isa = PBXFileReference; fileEncoding = 4; lastKnownFileType = sourcecode.c.h; path = AFHTTPSessionManager.h; sourceTree = "<group>"; };
		9B1B73451C6F1B620022C65B /* AFHTTPSessionManager.m */ = {isa = PBXFileReference; fileEncoding = 4; lastKnownFileType = sourcecode.c.objc; path = AFHTTPSessionManager.m; sourceTree = "<group>"; };
		9B1B73461C6F1B620022C65B /* AFNetworking.h */ = {isa = PBXFileReference; fileEncoding = 4; lastKnownFileType = sourcecode.c.h; path = AFNetworking.h; sourceTree = "<group>"; };
		9B1B73471C6F1B620022C65B /* AFNetworkReachabilityManager.h */ = {isa = PBXFileReference; fileEncoding = 4; lastKnownFileType = sourcecode.c.h; path = AFNetworkReachabilityManager.h; sourceTree = "<group>"; };
		9B1B73481C6F1B620022C65B /* AFNetworkReachabilityManager.m */ = {isa = PBXFileReference; fileEncoding = 4; lastKnownFileType = sourcecode.c.objc; path = AFNetworkReachabilityManager.m; sourceTree = "<group>"; };
		9B1B73491C6F1B620022C65B /* AFSecurityPolicy.h */ = {isa = PBXFileReference; fileEncoding = 4; lastKnownFileType = sourcecode.c.h; path = AFSecurityPolicy.h; sourceTree = "<group>"; };
		9B1B734A1C6F1B620022C65B /* AFSecurityPolicy.m */ = {isa = PBXFileReference; fileEncoding = 4; lastKnownFileType = sourcecode.c.objc; path = AFSecurityPolicy.m; sourceTree = "<group>"; };
		9B1B734B1C6F1B620022C65B /* AFURLRequestSerialization.h */ = {isa = PBXFileReference; fileEncoding = 4; lastKnownFileType = sourcecode.c.h; path = AFURLRequestSerialization.h; sourceTree = "<group>"; };
		9B1B734C1C6F1B620022C65B /* AFURLRequestSerialization.m */ = {isa = PBXFileReference; fileEncoding = 4; lastKnownFileType = sourcecode.c.objc; path = AFURLRequestSerialization.m; sourceTree = "<group>"; };
		9B1B734D1C6F1B620022C65B /* AFURLResponseSerialization.h */ = {isa = PBXFileReference; fileEncoding = 4; lastKnownFileType = sourcecode.c.h; path = AFURLResponseSerialization.h; sourceTree = "<group>"; };
		9B1B734E1C6F1B620022C65B /* AFURLResponseSerialization.m */ = {isa = PBXFileReference; fileEncoding = 4; lastKnownFileType = sourcecode.c.objc; path = AFURLResponseSerialization.m; sourceTree = "<group>"; };
		9B1B734F1C6F1B620022C65B /* AFURLSessionManager.h */ = {isa = PBXFileReference; fileEncoding = 4; lastKnownFileType = sourcecode.c.h; path = AFURLSessionManager.h; sourceTree = "<group>"; };
		9B1B73501C6F1B620022C65B /* AFURLSessionManager.m */ = {isa = PBXFileReference; fileEncoding = 4; lastKnownFileType = sourcecode.c.objc; path = AFURLSessionManager.m; sourceTree = "<group>"; };
		9B1B794D1C6FF0420022C65B /* RMClient.h */ = {isa = PBXFileReference; fileEncoding = 4; lastKnownFileType = sourcecode.c.h; path = RMClient.h; sourceTree = "<group>"; };
		9B1B794E1C6FF0420022C65B /* RMClient.m */ = {isa = PBXFileReference; fileEncoding = 4; lastKnownFileType = sourcecode.c.objc; path = RMClient.m; sourceTree = "<group>"; };
		9B1B79521C70132B0022C65B /* libReactiveCocoa.a */ = {isa = PBXFileReference; lastKnownFileType = archive.ar; name = libReactiveCocoa.a; path = "Pods/../build/Debug-iphoneos/libReactiveCocoa.a"; sourceTree = "<group>"; };
		9B1B79551C7015AA0022C65B /* RMWeatherModel.h */ = {isa = PBXFileReference; fileEncoding = 4; lastKnownFileType = sourcecode.c.h; path = RMWeatherModel.h; sourceTree = "<group>"; };
		9B1B79561C7015AA0022C65B /* RMWeatherModel.m */ = {isa = PBXFileReference; fileEncoding = 4; lastKnownFileType = sourcecode.c.objc; path = RMWeatherModel.m; sourceTree = "<group>"; };
		9B7A31141C6DAFB2007D6B54 /* UITableView+RMIndexPathHeightCache.h */ = {isa = PBXFileReference; fileEncoding = 4; lastKnownFileType = sourcecode.c.h; path = "UITableView+RMIndexPathHeightCache.h"; sourceTree = "<group>"; };
		9B7A31151C6DAFB2007D6B54 /* UITableView+RMIndexPathHeightCache.m */ = {isa = PBXFileReference; fileEncoding = 4; lastKnownFileType = sourcecode.c.objc; path = "UITableView+RMIndexPathHeightCache.m"; sourceTree = "<group>"; };
		A32D26121C32C14D0019D4EF /* RMAsyncQueue.h */ = {isa = PBXFileReference; fileEncoding = 4; lastKnownFileType = sourcecode.c.h; path = RMAsyncQueue.h; sourceTree = "<group>"; };
		A32D26131C32C14D0019D4EF /* RMAsyncQueue.m */ = {isa = PBXFileReference; fileEncoding = 4; lastKnownFileType = sourcecode.c.objc; path = RMAsyncQueue.m; sourceTree = "<group>"; };
		A32D26151C32C1EE0019D4EF /* IModel.h */ = {isa = PBXFileReference; fileEncoding = 4; lastKnownFileType = sourcecode.c.h; path = IModel.h; sourceTree = "<group>"; };
		A34546091C3CCFA2004281FE /* RMDateShareManager.h */ = {isa = PBXFileReference; fileEncoding = 4; lastKnownFileType = sourcecode.c.h; path = RMDateShareManager.h; sourceTree = "<group>"; };
		A345460A1C3CCFA2004281FE /* RMDateShareManager.m */ = {isa = PBXFileReference; fileEncoding = 4; lastKnownFileType = sourcecode.c.objc; path = RMDateShareManager.m; sourceTree = "<group>"; };
		A345460C1C3CE06E004281FE /* CALayer+Utils.h */ = {isa = PBXFileReference; fileEncoding = 4; lastKnownFileType = sourcecode.c.h; path = "CALayer+Utils.h"; sourceTree = "<group>"; };
		A345460D1C3CE06E004281FE /* CALayer+Utils.m */ = {isa = PBXFileReference; fileEncoding = 4; lastKnownFileType = sourcecode.c.objc; path = "CALayer+Utils.m"; sourceTree = "<group>"; };
		A345469B1C420B5B004281FE /* UIViewController+MethodSwizzle.h */ = {isa = PBXFileReference; fileEncoding = 4; lastKnownFileType = sourcecode.c.h; path = "UIViewController+MethodSwizzle.h"; sourceTree = "<group>"; };
		A345469C1C420B5B004281FE /* UIViewController+MethodSwizzle.m */ = {isa = PBXFileReference; fileEncoding = 4; lastKnownFileType = sourcecode.c.objc; path = "UIViewController+MethodSwizzle.m"; sourceTree = "<group>"; };
		A3592BDD1C26E77C00EC94AC /* NSDictionary+Utils.h */ = {isa = PBXFileReference; fileEncoding = 4; lastKnownFileType = sourcecode.c.h; path = "NSDictionary+Utils.h"; sourceTree = "<group>"; };
		A3592BDE1C26E77D00EC94AC /* NSDictionary+Utils.m */ = {isa = PBXFileReference; fileEncoding = 4; lastKnownFileType = sourcecode.c.objc; path = "NSDictionary+Utils.m"; sourceTree = "<group>"; };
		A3592BE71C28FBA600EC94AC /* UIView+Utils.h */ = {isa = PBXFileReference; fileEncoding = 4; lastKnownFileType = sourcecode.c.h; path = "UIView+Utils.h"; sourceTree = "<group>"; };
		A3592BE81C28FBA600EC94AC /* UIView+Utils.m */ = {isa = PBXFileReference; fileEncoding = 4; lastKnownFileType = sourcecode.c.objc; path = "UIView+Utils.m"; sourceTree = "<group>"; };
		A3592BEA1C290B5500EC94AC /* Foundation.framework */ = {isa = PBXFileReference; lastKnownFileType = wrapper.framework; name = Foundation.framework; path = System/Library/Frameworks/Foundation.framework; sourceTree = SDKROOT; };
		A3592BEC1C290B5B00EC94AC /* UIKit.framework */ = {isa = PBXFileReference; lastKnownFileType = wrapper.framework; name = UIKit.framework; path = System/Library/Frameworks/UIKit.framework; sourceTree = SDKROOT; };
		A3592BEE1C290B6300EC94AC /* CoreGraphics.framework */ = {isa = PBXFileReference; lastKnownFileType = wrapper.framework; name = CoreGraphics.framework; path = System/Library/Frameworks/CoreGraphics.framework; sourceTree = SDKROOT; };
		A36956541C55F0B400C60C20 /* FMDatabase.h */ = {isa = PBXFileReference; fileEncoding = 4; lastKnownFileType = sourcecode.c.h; path = FMDatabase.h; sourceTree = "<group>"; };
		A36956551C55F0B400C60C20 /* FMDatabase.m */ = {isa = PBXFileReference; fileEncoding = 4; lastKnownFileType = sourcecode.c.objc; path = FMDatabase.m; sourceTree = "<group>"; };
		A36956561C55F0B400C60C20 /* FMDatabaseAdditions.h */ = {isa = PBXFileReference; fileEncoding = 4; lastKnownFileType = sourcecode.c.h; path = FMDatabaseAdditions.h; sourceTree = "<group>"; };
		A36956571C55F0B400C60C20 /* FMDatabaseAdditions.m */ = {isa = PBXFileReference; fileEncoding = 4; lastKnownFileType = sourcecode.c.objc; path = FMDatabaseAdditions.m; sourceTree = "<group>"; };
		A36956581C55F0B400C60C20 /* FMDatabasePool.h */ = {isa = PBXFileReference; fileEncoding = 4; lastKnownFileType = sourcecode.c.h; path = FMDatabasePool.h; sourceTree = "<group>"; };
		A36956591C55F0B400C60C20 /* FMDatabasePool.m */ = {isa = PBXFileReference; fileEncoding = 4; lastKnownFileType = sourcecode.c.objc; path = FMDatabasePool.m; sourceTree = "<group>"; };
		A369565A1C55F0B400C60C20 /* FMDatabaseQueue.h */ = {isa = PBXFileReference; fileEncoding = 4; lastKnownFileType = sourcecode.c.h; path = FMDatabaseQueue.h; sourceTree = "<group>"; };
		A369565B1C55F0B400C60C20 /* FMDatabaseQueue.m */ = {isa = PBXFileReference; fileEncoding = 4; lastKnownFileType = sourcecode.c.objc; path = FMDatabaseQueue.m; sourceTree = "<group>"; };
		A369565C1C55F0B400C60C20 /* FMDB.h */ = {isa = PBXFileReference; fileEncoding = 4; lastKnownFileType = sourcecode.c.h; path = FMDB.h; sourceTree = "<group>"; };
		A369565D1C55F0B400C60C20 /* FMResultSet.h */ = {isa = PBXFileReference; fileEncoding = 4; lastKnownFileType = sourcecode.c.h; path = FMResultSet.h; sourceTree = "<group>"; };
		A369565E1C55F0B400C60C20 /* FMResultSet.m */ = {isa = PBXFileReference; fileEncoding = 4; lastKnownFileType = sourcecode.c.objc; path = FMResultSet.m; sourceTree = "<group>"; };
		A36956681C59BBF000C60C20 /* RMCoffeeListDataBase.h */ = {isa = PBXFileReference; fileEncoding = 4; lastKnownFileType = sourcecode.c.h; path = RMCoffeeListDataBase.h; sourceTree = "<group>"; };
		A36956691C59BBF000C60C20 /* RMCoffeeListDataBase.m */ = {isa = PBXFileReference; fileEncoding = 4; lastKnownFileType = sourcecode.c.objc; path = RMCoffeeListDataBase.m; sourceTree = "<group>"; };
		A38E25C91C128D6300A3DCEC /* BaseTableViewController.h */ = {isa = PBXFileReference; fileEncoding = 4; lastKnownFileType = sourcecode.c.h; path = BaseTableViewController.h; sourceTree = "<group>"; };
		A38E25CA1C128D6300A3DCEC /* BaseTableViewController.m */ = {isa = PBXFileReference; fileEncoding = 4; lastKnownFileType = sourcecode.c.objc; path = BaseTableViewController.m; sourceTree = "<group>"; };
		A38E25D01C12A8B900A3DCEC /* RMBaseCell.h */ = {isa = PBXFileReference; fileEncoding = 4; lastKnownFileType = sourcecode.c.h; path = RMBaseCell.h; sourceTree = "<group>"; };
		A38E25D11C12A8B900A3DCEC /* RMBaseCell.m */ = {isa = PBXFileReference; fileEncoding = 4; lastKnownFileType = sourcecode.c.objc; path = RMBaseCell.m; sourceTree = "<group>"; };
		A38E25D31C12ABB800A3DCEC /* RMTableViewDataSource.h */ = {isa = PBXFileReference; fileEncoding = 4; lastKnownFileType = sourcecode.c.h; path = RMTableViewDataSource.h; sourceTree = "<group>"; };
		A38E25D41C12ABB800A3DCEC /* RMTableViewDataSource.m */ = {isa = PBXFileReference; fileEncoding = 4; lastKnownFileType = sourcecode.c.objc; path = RMTableViewDataSource.m; sourceTree = "<group>"; };
		A3CB87101C2B60E400576755 /* RMCellHeaderView.h */ = {isa = PBXFileReference; fileEncoding = 4; lastKnownFileType = sourcecode.c.h; path = RMCellHeaderView.h; sourceTree = "<group>"; };
		A3CB87111C2B60E400576755 /* RMCellHeaderView.m */ = {isa = PBXFileReference; fileEncoding = 4; lastKnownFileType = sourcecode.c.objc; path = RMCellHeaderView.m; sourceTree = "<group>"; };
		A3CB87141C2B630E00576755 /* RMCellHeaderView+Utils.h */ = {isa = PBXFileReference; fileEncoding = 4; lastKnownFileType = sourcecode.c.h; path = "RMCellHeaderView+Utils.h"; sourceTree = "<group>"; };
		A3CB87151C2B630E00576755 /* RMCellHeaderView+Utils.m */ = {isa = PBXFileReference; fileEncoding = 4; lastKnownFileType = sourcecode.c.objc; path = "RMCellHeaderView+Utils.m"; sourceTree = "<group>"; };
		A3CDAE181C302D990037F51C /* RMBaseModel.h */ = {isa = PBXFileReference; fileEncoding = 4; lastKnownFileType = sourcecode.c.h; path = RMBaseModel.h; sourceTree = "<group>"; };
		A3CDAE191C302D990037F51C /* RMBaseModel.m */ = {isa = PBXFileReference; fileEncoding = 4; lastKnownFileType = sourcecode.c.objc; path = RMBaseModel.m; sourceTree = "<group>"; };
		A3CDAE1C1C302EEF0037F51C /* NSDictionary+NullReplace.h */ = {isa = PBXFileReference; fileEncoding = 4; lastKnownFileType = sourcecode.c.h; path = "NSDictionary+NullReplace.h"; sourceTree = "<group>"; };
		A3CDAE1D1C302EEF0037F51C /* NSDictionary+NullReplace.m */ = {isa = PBXFileReference; fileEncoding = 4; lastKnownFileType = sourcecode.c.objc; path = "NSDictionary+NullReplace.m"; sourceTree = "<group>"; };
		A3F316BD1C4F8DA300D11C10 /* libsqlite3.0.tbd */ = {isa = PBXFileReference; lastKnownFileType = "sourcecode.text-based-dylib-definition"; name = libsqlite3.0.tbd; path = usr/lib/libsqlite3.0.tbd; sourceTree = SDKROOT; };
		A3F316BF1C4F8FE200D11C10 /* UIImageView+Utils.h */ = {isa = PBXFileReference; fileEncoding = 4; lastKnownFileType = sourcecode.c.h; path = "UIImageView+Utils.h"; sourceTree = "<group>"; };
		A3F316C01C4F8FE200D11C10 /* UIImageView+Utils.m */ = {isa = PBXFileReference; fileEncoding = 4; lastKnownFileType = sourcecode.c.objc; path = "UIImageView+Utils.m"; sourceTree = "<group>"; };
		A3F316C91C50B8B000D11C10 /* AMap.bundle */ = {isa = PBXFileReference; lastKnownFileType = "wrapper.plug-in"; name = AMap.bundle; path = Framework/AMap.bundle; sourceTree = "<group>"; };
		A3F316CA1C50B8B000D11C10 /* AMapLocationKit.framework */ = {isa = PBXFileReference; lastKnownFileType = wrapper.framework; name = AMapLocationKit.framework; path = Framework/AMapLocationKit.framework; sourceTree = "<group>"; };
		A3F316CB1C50B8B100D11C10 /* MAMapKit.framework */ = {isa = PBXFileReference; lastKnownFileType = wrapper.framework; name = MAMapKit.framework; path = Framework/MAMapKit.framework; sourceTree = "<group>"; };
		A3F316CF1C50B8FE00D11C10 /* CoreTelephony.framework */ = {isa = PBXFileReference; lastKnownFileType = wrapper.framework; name = CoreTelephony.framework; path = System/Library/Frameworks/CoreTelephony.framework; sourceTree = SDKROOT; };
		A3F316D11C50B90C00D11C10 /* SystemConfiguration.framework */ = {isa = PBXFileReference; lastKnownFileType = wrapper.framework; name = SystemConfiguration.framework; path = System/Library/Frameworks/SystemConfiguration.framework; sourceTree = SDKROOT; };
		A3F316D31C50B91500D11C10 /* Security.framework */ = {isa = PBXFileReference; lastKnownFileType = wrapper.framework; name = Security.framework; path = System/Library/Frameworks/Security.framework; sourceTree = SDKROOT; };
		A3F316D51C50B91E00D11C10 /* libz.tbd */ = {isa = PBXFileReference; lastKnownFileType = "sourcecode.text-based-dylib-definition"; name = libz.tbd; path = usr/lib/libz.tbd; sourceTree = SDKROOT; };
		A3F316D71C50B92700D11C10 /* libstdc++.6.0.9.tbd */ = {isa = PBXFileReference; lastKnownFileType = "sourcecode.text-based-dylib-definition"; name = "libstdc++.6.0.9.tbd"; path = "usr/lib/libstdc++.6.0.9.tbd"; sourceTree = SDKROOT; };
		A3F316DA1C50CA9700D11C10 /* RMTextAttribute.h */ = {isa = PBXFileReference; fileEncoding = 4; lastKnownFileType = sourcecode.c.h; path = RMTextAttribute.h; sourceTree = "<group>"; };
		A3F316DB1C50CA9700D11C10 /* RMTextAttribute.m */ = {isa = PBXFileReference; fileEncoding = 4; lastKnownFileType = sourcecode.c.objc; path = RMTextAttribute.m; sourceTree = "<group>"; };
		A3F316E11C535B8F00D11C10 /* RMLocationShareManager.h */ = {isa = PBXFileReference; fileEncoding = 4; lastKnownFileType = sourcecode.c.h; path = RMLocationShareManager.h; sourceTree = "<group>"; };
		A3F316E21C535B8F00D11C10 /* RMLocationShareManager.m */ = {isa = PBXFileReference; fileEncoding = 4; lastKnownFileType = sourcecode.c.objc; path = RMLocationShareManager.m; sourceTree = "<group>"; };
		A3F316E41C53646100D11C10 /* QuartzCore.framework */ = {isa = PBXFileReference; lastKnownFileType = wrapper.framework; name = QuartzCore.framework; path = System/Library/Frameworks/QuartzCore.framework; sourceTree = SDKROOT; };
		A3F316E61C53647D00D11C10 /* CoreLocation.framework */ = {isa = PBXFileReference; lastKnownFileType = wrapper.framework; name = CoreLocation.framework; path = System/Library/Frameworks/CoreLocation.framework; sourceTree = SDKROOT; };
		A3F316E81C53651800D11C10 /* libc++.tbd */ = {isa = PBXFileReference; lastKnownFileType = "sourcecode.text-based-dylib-definition"; name = "libc++.tbd"; path = "usr/lib/libc++.tbd"; sourceTree = SDKROOT; };
		A3F316EA1C5365FA00D11C10 /* AMapSearchKit.framework */ = {isa = PBXFileReference; lastKnownFileType = wrapper.framework; path = AMapSearchKit.framework; sourceTree = "<group>"; };
		A3F316EF1C536B0000D11C10 /* RMPOISearchRequest.h */ = {isa = PBXFileReference; fileEncoding = 4; lastKnownFileType = sourcecode.c.h; path = RMPOISearchRequest.h; sourceTree = "<group>"; };
		A3F316F01C536B0000D11C10 /* RMPOISearchRequest.m */ = {isa = PBXFileReference; fileEncoding = 4; lastKnownFileType = sourcecode.c.objc; path = RMPOISearchRequest.m; sourceTree = "<group>"; };
		A3F316F21C537B1000D11C10 /* RMPOITableViewCell.h */ = {isa = PBXFileReference; fileEncoding = 4; lastKnownFileType = sourcecode.c.h; path = RMPOITableViewCell.h; sourceTree = "<group>"; };
		A3F316F31C537B1000D11C10 /* RMPOITableViewCell.m */ = {isa = PBXFileReference; fileEncoding = 4; lastKnownFileType = sourcecode.c.objc; path = RMPOITableViewCell.m; sourceTree = "<group>"; };
		A3F316F41C537B1000D11C10 /* RMPOITableViewCell.xib */ = {isa = PBXFileReference; fileEncoding = 4; lastKnownFileType = file.xib; path = RMPOITableViewCell.xib; sourceTree = "<group>"; };
		A3FE6A041C140CF4004DF568 /* RMTableViewDelegate.h */ = {isa = PBXFileReference; fileEncoding = 4; lastKnownFileType = sourcecode.c.h; path = RMTableViewDelegate.h; sourceTree = "<group>"; };
		A3FE6A051C140CF4004DF568 /* RMTableViewDelegate.m */ = {isa = PBXFileReference; fileEncoding = 4; lastKnownFileType = sourcecode.c.objc; path = RMTableViewDelegate.m; sourceTree = "<group>"; };
		DB1DC4013B896AF3D15CE30C /* libPods.a */ = {isa = PBXFileReference; explicitFileType = archive.ar; includeInIndex = 0; path = libPods.a; sourceTree = BUILT_PRODUCTS_DIR; };
		FBFA28AE889F413925F45162 /* Pods.release.xcconfig */ = {isa = PBXFileReference; includeInIndex = 1; lastKnownFileType = text.xcconfig; name = Pods.release.xcconfig; path = "Pods/Target Support Files/Pods/Pods.release.xcconfig"; sourceTree = "<group>"; };
/* End PBXFileReference section */

/* Begin PBXFrameworksBuildPhase section */
		00FB6F011C04596800EE49F3 /* Frameworks */ = {
			isa = PBXFrameworksBuildPhase;
			buildActionMask = 2147483647;
			files = (
				A3592BEB1C290B5500EC94AC /* Foundation.framework in Frameworks */,
				9B1B79531C70132B0022C65B /* libReactiveCocoa.a in Frameworks */,
				A3F316D41C50B91500D11C10 /* Security.framework in Frameworks */,
				A3F316E91C53651800D11C10 /* libc++.tbd in Frameworks */,
				A3F316D61C50B91E00D11C10 /* libz.tbd in Frameworks */,
				A3F316E71C53647D00D11C10 /* CoreLocation.framework in Frameworks */,
				A3F316E51C53646100D11C10 /* QuartzCore.framework in Frameworks */,
				A3F316D81C50B92700D11C10 /* libstdc++.6.0.9.tbd in Frameworks */,
				A3F316D21C50B90C00D11C10 /* SystemConfiguration.framework in Frameworks */,
				A3F316D01C50B8FF00D11C10 /* CoreTelephony.framework in Frameworks */,
				A3F316CE1C50B8B100D11C10 /* MAMapKit.framework in Frameworks */,
				A3F316BE1C4F8DA300D11C10 /* libsqlite3.0.tbd in Frameworks */,
				A3F316CD1C50B8B100D11C10 /* AMapLocationKit.framework in Frameworks */,
				A3F316EB1C5365FA00D11C10 /* AMapSearchKit.framework in Frameworks */,
				A3592BEF1C290B6300EC94AC /* CoreGraphics.framework in Frameworks */,
				A3592BED1C290B5B00EC94AC /* UIKit.framework in Frameworks */,
				9B082787E964ABACED916E5F /* libPods.a in Frameworks */,
			);
			runOnlyForDeploymentPostprocessing = 0;
		};
		00FB6F1A1C04596800EE49F3 /* Frameworks */ = {
			isa = PBXFrameworksBuildPhase;
			buildActionMask = 2147483647;
			files = (
			);
			runOnlyForDeploymentPostprocessing = 0;
		};
		00FB6F251C04596800EE49F3 /* Frameworks */ = {
			isa = PBXFrameworksBuildPhase;
			buildActionMask = 2147483647;
			files = (
			);
			runOnlyForDeploymentPostprocessing = 0;
		};
/* End PBXFrameworksBuildPhase section */

/* Begin PBXGroup section */
		00495C151C06E5B60015DB12 /* Controller */ = {
			isa = PBXGroup;
			children = (
				9B1B6DE81C6EBCF90022C65B /* WeatherVC */,
				00929CBE1C11342A00511DF5 /* ThirdVC */,
				00495C1B1C070DC40015DB12 /* SecondVC */,
				00495C1A1C070D9C0015DB12 /* FirstVC */,
				00495C161C06E5CA0015DB12 /* Base */,
			);
			name = Controller;
			sourceTree = "<group>";
		};
		00495C161C06E5CA0015DB12 /* Base */ = {
			isa = PBXGroup;
			children = (
				00495C171C06E5F80015DB12 /* BaseViewController.h */,
				00495C181C06E5F80015DB12 /* BaseViewController.m */,
				A38E25C91C128D6300A3DCEC /* BaseTableViewController.h */,
				A38E25CA1C128D6300A3DCEC /* BaseTableViewController.m */,
			);
			name = Base;
			sourceTree = "<group>";
		};
		00495C1A1C070D9C0015DB12 /* FirstVC */ = {
			isa = PBXGroup;
			children = (
				00FB6F0D1C04596800EE49F3 /* ViewController.h */,
				00FB6F0E1C04596800EE49F3 /* ViewController.m */,
			);
			name = FirstVC;
			sourceTree = "<group>";
		};
		00495C1B1C070DC40015DB12 /* SecondVC */ = {
			isa = PBXGroup;
			children = (
				00495C1C1C070DD90015DB12 /* SecondViewController.h */,
				00495C1D1C070DD90015DB12 /* SecondViewController.m */,
			);
			name = SecondVC;
			sourceTree = "<group>";
		};
		00929CBE1C11342A00511DF5 /* ThirdVC */ = {
			isa = PBXGroup;
			children = (
				00929CBF1C11347400511DF5 /* ThirdViewController.h */,
				00929CC01C11347400511DF5 /* ThirdViewController.m */,
			);
			name = ThirdVC;
			sourceTree = "<group>";
		};
		00929CC21C11376000511DF5 /* Utils */ = {
			isa = PBXGroup;
			children = (
				A3F316C21C4F93C900D11C10 /* NetWork */,
				A34546051C3CCB1C004281FE /* Singleton */,
				A3CDAE1B1C302EB90037F51C /* Cocoa+Utils */,
				A3CB87131C2B62C700576755 /* RMView+Utils */,
				00929CC31C11376600511DF5 /* CutomButton */,
			);
			name = Utils;
			sourceTree = "<group>";
		};
		00929CC31C11376600511DF5 /* CutomButton */ = {
			isa = PBXGroup;
			children = (
				00929CC41C11377C00511DF5 /* pushButton.h */,
				00929CC51C11377C00511DF5 /* pushButton.m */,
			);
			name = CutomButton;
			sourceTree = "<group>";
		};
		00FB6EFB1C04596800EE49F3 = {
			isa = PBXGroup;
			children = (
				00FB6F061C04596800EE49F3 /* pushOrPop */,
				00FB6F201C04596800EE49F3 /* pushOrPopTests */,
				00FB6F2B1C04596800EE49F3 /* pushOrPopUITests */,
				00FB6F051C04596800EE49F3 /* Products */,
				4EDC8B33E5309B91C271240E /* Pods */,
				8899A35A0D6F8075102A1AA8 /* Frameworks */,
			);
			sourceTree = "<group>";
		};
		00FB6F051C04596800EE49F3 /* Products */ = {
			isa = PBXGroup;
			children = (
				00FB6F041C04596800EE49F3 /* pushOrPop.app */,
				00FB6F1D1C04596800EE49F3 /* pushOrPopTests.xctest */,
				00FB6F281C04596800EE49F3 /* pushOrPopUITests.xctest */,
			);
			name = Products;
			sourceTree = "<group>";
		};
		00FB6F061C04596800EE49F3 /* pushOrPop */ = {
			isa = PBXGroup;
			children = (
				A36956671C59BBBD00C60C20 /* DataBase */,
				A36956521C55F04400C60C20 /* ThirdParty */,
				A32D26111C32C1210019D4EF /* AsyncQueue */,
				A3592BF01C290B6600EC94AC /* Framework */,
				A3592BE01C26E78E00EC94AC /* Model */,
				A38E25CD1C12A82A00A3DCEC /* View */,
				00929CC21C11376000511DF5 /* Utils */,
				00495C151C06E5B60015DB12 /* Controller */,
				00FB6F3A1C0459DC00EE49F3 /* common */,
				00FB6F0A1C04596800EE49F3 /* AppDelegate.h */,
				00FB6F0B1C04596800EE49F3 /* AppDelegate.m */,
				00FB6F101C04596800EE49F3 /* Main.storyboard */,
				00FB6F131C04596800EE49F3 /* Assets.xcassets */,
				00FB6F151C04596800EE49F3 /* LaunchScreen.storyboard */,
				00FB6F181C04596800EE49F3 /* Info.plist */,
				00FB6F071C04596800EE49F3 /* Supporting Files */,
			);
			path = pushOrPop;
			sourceTree = "<group>";
		};
		00FB6F071C04596800EE49F3 /* Supporting Files */ = {
			isa = PBXGroup;
			children = (
				00FB6F081C04596800EE49F3 /* main.m */,
			);
			name = "Supporting Files";
			sourceTree = "<group>";
		};
		00FB6F201C04596800EE49F3 /* pushOrPopTests */ = {
			isa = PBXGroup;
			children = (
				00FB6F211C04596800EE49F3 /* pushOrPopTests.m */,
				00FB6F231C04596800EE49F3 /* Info.plist */,
			);
			path = pushOrPopTests;
			sourceTree = "<group>";
		};
		00FB6F2B1C04596800EE49F3 /* pushOrPopUITests */ = {
			isa = PBXGroup;
			children = (
				00FB6F2C1C04596800EE49F3 /* pushOrPopUITests.m */,
				00FB6F2E1C04596800EE49F3 /* Info.plist */,
			);
			path = pushOrPopUITests;
			sourceTree = "<group>";
		};
		00FB6F3A1C0459DC00EE49F3 /* common */ = {
			isa = PBXGroup;
			children = (
				00FB6F3B1C045B9200EE49F3 /* pushOrPop.pch */,
				00FB6F3C1C045C7200EE49F3 /* KNotificationAction.h */,
				00495C141C06E05E0015DB12 /* Define.h */,
			);
			name = common;
			sourceTree = "<group>";
		};
		4EDC8B33E5309B91C271240E /* Pods */ = {
			isa = PBXGroup;
			children = (
				5553FA276B96DA61BC6C8CB1 /* Pods.debug.xcconfig */,
				FBFA28AE889F413925F45162 /* Pods.release.xcconfig */,
			);
			name = Pods;
			sourceTree = "<group>";
		};
		8899A35A0D6F8075102A1AA8 /* Frameworks */ = {
			isa = PBXGroup;
			children = (
				9B1B79521C70132B0022C65B /* libReactiveCocoa.a */,
				DB1DC4013B896AF3D15CE30C /* libPods.a */,
			);
			name = Frameworks;
			sourceTree = "<group>";
		};
		9B1705C31C5EF318002FFD0C /* RMProxy */ = {
			isa = PBXGroup;
			children = (
				9B1705C41C5EF32E002FFD0C /* RMProxy.h */,
				9B1705C51C5EF32E002FFD0C /* RMProxy.m */,
			);
			name = RMProxy;
			sourceTree = "<group>";
		};
		9B1B6DE81C6EBCF90022C65B /* WeatherVC */ = {
			isa = PBXGroup;
			children = (
				9B1B6DE91C6EBD240022C65B /* RMWeatherViewController.h */,
				9B1B6DEA1C6EBD240022C65B /* RMWeatherViewController.m */,
			);
			name = WeatherVC;
			sourceTree = "<group>";
		};
		9B1B6DEE1C6F13D40022C65B /* Request */ = {
			isa = PBXGroup;
			children = (
				9B1B6DEF1C6F13EB0022C65B /* RMWeatherRequest.h */,
				9B1B6DF01C6F13EB0022C65B /* RMWeatherRequest.m */,
				9B1B794D1C6FF0420022C65B /* RMClient.h */,
				9B1B794E1C6FF0420022C65B /* RMClient.m */,
			);
			name = Request;
			sourceTree = "<group>";
		};
		9B1B731D1C6F1B4B0022C65B /* Masonry */ = {
			isa = PBXGroup;
			children = (
				9B1B731E1C6F1B4B0022C65B /* Info.plist */,
				9B1B731F1C6F1B4B0022C65B /* MASCompositeConstraint.h */,
				9B1B73201C6F1B4B0022C65B /* MASCompositeConstraint.m */,
				9B1B73211C6F1B4B0022C65B /* MASConstraint+Private.h */,
				9B1B73221C6F1B4B0022C65B /* MASConstraint.h */,
				9B1B73231C6F1B4B0022C65B /* MASConstraint.m */,
				9B1B73241C6F1B4B0022C65B /* MASConstraintMaker.h */,
				9B1B73251C6F1B4B0022C65B /* MASConstraintMaker.m */,
				9B1B73261C6F1B4B0022C65B /* MASLayoutConstraint.h */,
				9B1B73271C6F1B4B0022C65B /* MASLayoutConstraint.m */,
				9B1B73281C6F1B4B0022C65B /* Masonry.h */,
				9B1B73291C6F1B4B0022C65B /* MASUtilities.h */,
				9B1B732A1C6F1B4B0022C65B /* MASViewAttribute.h */,
				9B1B732B1C6F1B4B0022C65B /* MASViewAttribute.m */,
				9B1B732C1C6F1B4B0022C65B /* MASViewConstraint.h */,
				9B1B732D1C6F1B4B0022C65B /* MASViewConstraint.m */,
				9B1B732E1C6F1B4B0022C65B /* NSArray+MASAdditions.h */,
				9B1B732F1C6F1B4B0022C65B /* NSArray+MASAdditions.m */,
				9B1B73301C6F1B4B0022C65B /* NSArray+MASShorthandAdditions.h */,
				9B1B73311C6F1B4B0022C65B /* NSLayoutConstraint+MASDebugAdditions.h */,
				9B1B73321C6F1B4B0022C65B /* NSLayoutConstraint+MASDebugAdditions.m */,
				9B1B73331C6F1B4B0022C65B /* View+MASAdditions.h */,
				9B1B73341C6F1B4B0022C65B /* View+MASAdditions.m */,
				9B1B73351C6F1B4B0022C65B /* View+MASShorthandAdditions.h */,
				9B1B73361C6F1B4B0022C65B /* ViewController+MASAdditions.h */,
				9B1B73371C6F1B4B0022C65B /* ViewController+MASAdditions.m */,
			);
			path = Masonry;
			sourceTree = "<group>";
		};
		9B1B73431C6F1B620022C65B /* AFNetworking */ = {
			isa = PBXGroup;
			children = (
				9B1B73441C6F1B620022C65B /* AFHTTPSessionManager.h */,
				9B1B73451C6F1B620022C65B /* AFHTTPSessionManager.m */,
				9B1B73461C6F1B620022C65B /* AFNetworking.h */,
				9B1B73471C6F1B620022C65B /* AFNetworkReachabilityManager.h */,
				9B1B73481C6F1B620022C65B /* AFNetworkReachabilityManager.m */,
				9B1B73491C6F1B620022C65B /* AFSecurityPolicy.h */,
				9B1B734A1C6F1B620022C65B /* AFSecurityPolicy.m */,
				9B1B734B1C6F1B620022C65B /* AFURLRequestSerialization.h */,
				9B1B734C1C6F1B620022C65B /* AFURLRequestSerialization.m */,
				9B1B734D1C6F1B620022C65B /* AFURLResponseSerialization.h */,
				9B1B734E1C6F1B620022C65B /* AFURLResponseSerialization.m */,
				9B1B734F1C6F1B620022C65B /* AFURLSessionManager.h */,
				9B1B73501C6F1B620022C65B /* AFURLSessionManager.m */,
			);
			path = AFNetworking;
			sourceTree = "<group>";
		};
		9B1B79541C7015140022C65B /* WeatherModel */ = {
			isa = PBXGroup;
			children = (
				9B1B79551C7015AA0022C65B /* RMWeatherModel.h */,
				9B1B79561C7015AA0022C65B /* RMWeatherModel.m */,
			);
			name = WeatherModel;
			sourceTree = "<group>";
		};
		A32D26111C32C1210019D4EF /* AsyncQueue */ = {
			isa = PBXGroup;
			children = (
				A32D26121C32C14D0019D4EF /* RMAsyncQueue.h */,
				A32D26131C32C14D0019D4EF /* RMAsyncQueue.m */,
			);
			name = AsyncQueue;
			sourceTree = "<group>";
		};
		A34546051C3CCB1C004281FE /* Singleton */ = {
			isa = PBXGroup;
			children = (
				A3F316DD1C5358F000D11C10 /* AMapShareManager */,
				A34546091C3CCFA2004281FE /* RMDateShareManager.h */,
				A345460A1C3CCFA2004281FE /* RMDateShareManager.m */,
			);
			name = Singleton;
			sourceTree = "<group>";
		};
		A345469E1C428D23004281FE /* UITableView + Utils */ = {
			isa = PBXGroup;
			children = (
				9B7A31141C6DAFB2007D6B54 /* UITableView+RMIndexPathHeightCache.h */,
				9B7A31151C6DAFB2007D6B54 /* UITableView+RMIndexPathHeightCache.m */,
			);
			name = "UITableView + Utils";
			sourceTree = "<group>";
		};
		A3592BE01C26E78E00EC94AC /* Model */ = {
			isa = PBXGroup;
			children = (
				9B1B79541C7015140022C65B /* WeatherModel */,
				A3CDAE171C302D790037F51C /* BaseModel */,
				A32D26151C32C1EE0019D4EF /* IModel.h */,
			);
			name = Model;
			sourceTree = "<group>";
		};
		A3592BF01C290B6600EC94AC /* Framework */ = {
			isa = PBXGroup;
			children = (
				A3F316EA1C5365FA00D11C10 /* AMapSearchKit.framework */,
				A3F316E81C53651800D11C10 /* libc++.tbd */,
				A3F316E61C53647D00D11C10 /* CoreLocation.framework */,
				A3F316E41C53646100D11C10 /* QuartzCore.framework */,
				A3F316D71C50B92700D11C10 /* libstdc++.6.0.9.tbd */,
				A3F316D51C50B91E00D11C10 /* libz.tbd */,
				A3F316D31C50B91500D11C10 /* Security.framework */,
				A3F316D11C50B90C00D11C10 /* SystemConfiguration.framework */,
				A3F316CF1C50B8FE00D11C10 /* CoreTelephony.framework */,
				A3F316C91C50B8B000D11C10 /* AMap.bundle */,
				A3F316CA1C50B8B000D11C10 /* AMapLocationKit.framework */,
				A3F316CB1C50B8B100D11C10 /* MAMapKit.framework */,
				A3F316BD1C4F8DA300D11C10 /* libsqlite3.0.tbd */,
				A3592BEE1C290B6300EC94AC /* CoreGraphics.framework */,
				A3592BEC1C290B5B00EC94AC /* UIKit.framework */,
				A3592BEA1C290B5500EC94AC /* Foundation.framework */,
			);
			name = Framework;
			sourceTree = "<group>";
		};
		A36956521C55F04400C60C20 /* ThirdParty */ = {
			isa = PBXGroup;
			children = (
				9B1B73431C6F1B620022C65B /* AFNetworking */,
				9B1B731D1C6F1B4B0022C65B /* Masonry */,
				A36956531C55F0A800C60C20 /* fmdb */,
			);
			name = ThirdParty;
			sourceTree = "<group>";
		};
		A36956531C55F0A800C60C20 /* fmdb */ = {
			isa = PBXGroup;
			children = (
				A36956541C55F0B400C60C20 /* FMDatabase.h */,
				A36956551C55F0B400C60C20 /* FMDatabase.m */,
				A36956561C55F0B400C60C20 /* FMDatabaseAdditions.h */,
				A36956571C55F0B400C60C20 /* FMDatabaseAdditions.m */,
				A36956581C55F0B400C60C20 /* FMDatabasePool.h */,
				A36956591C55F0B400C60C20 /* FMDatabasePool.m */,
				A369565A1C55F0B400C60C20 /* FMDatabaseQueue.h */,
				A369565B1C55F0B400C60C20 /* FMDatabaseQueue.m */,
				A369565C1C55F0B400C60C20 /* FMDB.h */,
				A369565D1C55F0B400C60C20 /* FMResultSet.h */,
				A369565E1C55F0B400C60C20 /* FMResultSet.m */,
			);
			name = fmdb;
			sourceTree = "<group>";
		};
		A36956671C59BBBD00C60C20 /* DataBase */ = {
			isa = PBXGroup;
			children = (
				A36956681C59BBF000C60C20 /* RMCoffeeListDataBase.h */,
				A36956691C59BBF000C60C20 /* RMCoffeeListDataBase.m */,
			);
			name = DataBase;
			sourceTree = "<group>";
		};
		A38E25CD1C12A82A00A3DCEC /* View */ = {
			isa = PBXGroup;
			children = (
				A3F316F71C537B2200D11C10 /* POICell */,
				A3F316D91C50CA0200D11C10 /* RMTextKit */,
				A38E25CE1C12A83500A3DCEC /* Base */,
				A3CB870F1C2B603F00576755 /* RMCellView */,
			);
			name = View;
			sourceTree = "<group>";
		};
		A38E25CE1C12A83500A3DCEC /* Base */ = {
			isa = PBXGroup;
			children = (
				A38E25D01C12A8B900A3DCEC /* RMBaseCell.h */,
				A38E25D11C12A8B900A3DCEC /* RMBaseCell.m */,
				A38E25D31C12ABB800A3DCEC /* RMTableViewDataSource.h */,
				A38E25D41C12ABB800A3DCEC /* RMTableViewDataSource.m */,
				A3FE6A041C140CF4004DF568 /* RMTableViewDelegate.h */,
				A3FE6A051C140CF4004DF568 /* RMTableViewDelegate.m */,
			);
			name = Base;
			sourceTree = "<group>";
		};
		A3CB870F1C2B603F00576755 /* RMCellView */ = {
			isa = PBXGroup;
			children = (
				A3CB87101C2B60E400576755 /* RMCellHeaderView.h */,
				A3CB87111C2B60E400576755 /* RMCellHeaderView.m */,
			);
			name = RMCellView;
			sourceTree = "<group>";
		};
		A3CB87131C2B62C700576755 /* RMView+Utils */ = {
			isa = PBXGroup;
			children = (
				A3CB87141C2B630E00576755 /* RMCellHeaderView+Utils.h */,
				A3CB87151C2B630E00576755 /* RMCellHeaderView+Utils.m */,
				A345460C1C3CE06E004281FE /* CALayer+Utils.h */,
				A345460D1C3CE06E004281FE /* CALayer+Utils.m */,
				9B1705CD1C605A57002FFD0C /* RMTableView.h */,
				9B1705CE1C605A57002FFD0C /* RMTableView.m */,
			);
			name = "RMView+Utils";
			sourceTree = "<group>";
		};
		A3CDAE171C302D790037F51C /* BaseModel */ = {
			isa = PBXGroup;
			children = (
				A3CDAE181C302D990037F51C /* RMBaseModel.h */,
				A3CDAE191C302D990037F51C /* RMBaseModel.m */,
			);
			name = BaseModel;
			sourceTree = "<group>";
		};
		A3CDAE1B1C302EB90037F51C /* Cocoa+Utils */ = {
			isa = PBXGroup;
			children = (
				9B1705C31C5EF318002FFD0C /* RMProxy */,
				A345469E1C428D23004281FE /* UITableView + Utils */,
				A345469B1C420B5B004281FE /* UIViewController+MethodSwizzle.h */,
				A345469C1C420B5B004281FE /* UIViewController+MethodSwizzle.m */,
				A3592BDD1C26E77C00EC94AC /* NSDictionary+Utils.h */,
				A3592BDE1C26E77D00EC94AC /* NSDictionary+Utils.m */,
				A3F316BF1C4F8FE200D11C10 /* UIImageView+Utils.h */,
				A3F316C01C4F8FE200D11C10 /* UIImageView+Utils.m */,
				A3592BE71C28FBA600EC94AC /* UIView+Utils.h */,
				A3592BE81C28FBA600EC94AC /* UIView+Utils.m */,
				A3CDAE1C1C302EEF0037F51C /* NSDictionary+NullReplace.h */,
				A3CDAE1D1C302EEF0037F51C /* NSDictionary+NullReplace.m */,
			);
			name = "Cocoa+Utils";
			sourceTree = "<group>";
		};
		A3F316C21C4F93C900D11C10 /* NetWork */ = {
			isa = PBXGroup;
			children = (
				9B1B6DEE1C6F13D40022C65B /* Request */,
			);
			name = NetWork;
			sourceTree = "<group>";
		};
		A3F316D91C50CA0200D11C10 /* RMTextKit */ = {
			isa = PBXGroup;
			children = (
				A3F316DA1C50CA9700D11C10 /* RMTextAttribute.h */,
				A3F316DB1C50CA9700D11C10 /* RMTextAttribute.m */,
			);
			name = RMTextKit;
			sourceTree = "<group>";
		};
		A3F316DD1C5358F000D11C10 /* AMapShareManager */ = {
			isa = PBXGroup;
			children = (
				A3F316E11C535B8F00D11C10 /* RMLocationShareManager.h */,
				A3F316E21C535B8F00D11C10 /* RMLocationShareManager.m */,
				A3F316EF1C536B0000D11C10 /* RMPOISearchRequest.h */,
				A3F316F01C536B0000D11C10 /* RMPOISearchRequest.m */,
			);
			name = AMapShareManager;
			sourceTree = "<group>";
		};
		A3F316F71C537B2200D11C10 /* POICell */ = {
			isa = PBXGroup;
			children = (
				A3F316F21C537B1000D11C10 /* RMPOITableViewCell.h */,
				A3F316F31C537B1000D11C10 /* RMPOITableViewCell.m */,
				A3F316F41C537B1000D11C10 /* RMPOITableViewCell.xib */,
			);
			name = POICell;
			sourceTree = "<group>";
		};
/* End PBXGroup section */

/* Begin PBXNativeTarget section */
		00FB6F031C04596800EE49F3 /* pushOrPop */ = {
			isa = PBXNativeTarget;
			buildConfigurationList = 00FB6F311C04596800EE49F3 /* Build configuration list for PBXNativeTarget "pushOrPop" */;
			buildPhases = (
				157FDCDF587A1E5B0A787FB7 /* Check Pods Manifest.lock */,
				00FB6F001C04596800EE49F3 /* Sources */,
				00FB6F011C04596800EE49F3 /* Frameworks */,
				00FB6F021C04596800EE49F3 /* Resources */,
				2628670CF74AC684F09ED8E2 /* Embed Pods Frameworks */,
				B836E9557693DFFA12556BBD /* Copy Pods Resources */,
			);
			buildRules = (
			);
			dependencies = (
			);
			name = pushOrPop;
			productName = pushOrPop;
			productReference = 00FB6F041C04596800EE49F3 /* pushOrPop.app */;
			productType = "com.apple.product-type.application";
		};
		00FB6F1C1C04596800EE49F3 /* pushOrPopTests */ = {
			isa = PBXNativeTarget;
			buildConfigurationList = 00FB6F341C04596800EE49F3 /* Build configuration list for PBXNativeTarget "pushOrPopTests" */;
			buildPhases = (
				00FB6F191C04596800EE49F3 /* Sources */,
				00FB6F1A1C04596800EE49F3 /* Frameworks */,
				00FB6F1B1C04596800EE49F3 /* Resources */,
			);
			buildRules = (
			);
			dependencies = (
				00FB6F1F1C04596800EE49F3 /* PBXTargetDependency */,
			);
			name = pushOrPopTests;
			productName = pushOrPopTests;
			productReference = 00FB6F1D1C04596800EE49F3 /* pushOrPopTests.xctest */;
			productType = "com.apple.product-type.bundle.unit-test";
		};
		00FB6F271C04596800EE49F3 /* pushOrPopUITests */ = {
			isa = PBXNativeTarget;
			buildConfigurationList = 00FB6F371C04596800EE49F3 /* Build configuration list for PBXNativeTarget "pushOrPopUITests" */;
			buildPhases = (
				00FB6F241C04596800EE49F3 /* Sources */,
				00FB6F251C04596800EE49F3 /* Frameworks */,
				00FB6F261C04596800EE49F3 /* Resources */,
			);
			buildRules = (
			);
			dependencies = (
				00FB6F2A1C04596800EE49F3 /* PBXTargetDependency */,
			);
			name = pushOrPopUITests;
			productName = pushOrPopUITests;
			productReference = 00FB6F281C04596800EE49F3 /* pushOrPopUITests.xctest */;
			productType = "com.apple.product-type.bundle.ui-testing";
		};
/* End PBXNativeTarget section */

/* Begin PBXProject section */
		00FB6EFC1C04596800EE49F3 /* Project object */ = {
			isa = PBXProject;
			attributes = {
				CLASSPREFIX = RM;
				LastUpgradeCheck = 0700;
				ORGANIZATIONNAME = RexMa;
				TargetAttributes = {
					00FB6F031C04596800EE49F3 = {
						CreatedOnToolsVersion = 7.0.1;
						DevelopmentTeam = RHW7F4J9C8;
						SystemCapabilities = {
							com.apple.BackgroundModes = {
								enabled = 1;
							};
						};
					};
					00FB6F1C1C04596800EE49F3 = {
						CreatedOnToolsVersion = 7.0.1;
						TestTargetID = 00FB6F031C04596800EE49F3;
					};
					00FB6F271C04596800EE49F3 = {
						CreatedOnToolsVersion = 7.0.1;
						TestTargetID = 00FB6F031C04596800EE49F3;
					};
				};
			};
			buildConfigurationList = 00FB6EFF1C04596800EE49F3 /* Build configuration list for PBXProject "pushOrPop" */;
			compatibilityVersion = "Xcode 3.2";
			developmentRegion = English;
			hasScannedForEncodings = 0;
			knownRegions = (
				en,
				Base,
			);
			mainGroup = 00FB6EFB1C04596800EE49F3;
			productRefGroup = 00FB6F051C04596800EE49F3 /* Products */;
			projectDirPath = "";
			projectRoot = "";
			targets = (
				00FB6F031C04596800EE49F3 /* pushOrPop */,
				00FB6F1C1C04596800EE49F3 /* pushOrPopTests */,
				00FB6F271C04596800EE49F3 /* pushOrPopUITests */,
			);
		};
/* End PBXProject section */

/* Begin PBXResourcesBuildPhase section */
		00FB6F021C04596800EE49F3 /* Resources */ = {
			isa = PBXResourcesBuildPhase;
			buildActionMask = 2147483647;
			files = (
				00FB6F171C04596800EE49F3 /* LaunchScreen.storyboard in Resources */,
				00FB6F141C04596800EE49F3 /* Assets.xcassets in Resources */,
				9B1B73381C6F1B4B0022C65B /* Info.plist in Resources */,
				A3F316F61C537B1100D11C10 /* RMPOITableViewCell.xib in Resources */,
				A3F316CC1C50B8B100D11C10 /* AMap.bundle in Resources */,
				00FB6F121C04596800EE49F3 /* Main.storyboard in Resources */,
			);
			runOnlyForDeploymentPostprocessing = 0;
		};
		00FB6F1B1C04596800EE49F3 /* Resources */ = {
			isa = PBXResourcesBuildPhase;
			buildActionMask = 2147483647;
			files = (
			);
			runOnlyForDeploymentPostprocessing = 0;
		};
		00FB6F261C04596800EE49F3 /* Resources */ = {
			isa = PBXResourcesBuildPhase;
			buildActionMask = 2147483647;
			files = (
			);
			runOnlyForDeploymentPostprocessing = 0;
		};
/* End PBXResourcesBuildPhase section */

/* Begin PBXShellScriptBuildPhase section */
		157FDCDF587A1E5B0A787FB7 /* Check Pods Manifest.lock */ = {
			isa = PBXShellScriptBuildPhase;
			buildActionMask = 2147483647;
			files = (
			);
			inputPaths = (
			);
			name = "Check Pods Manifest.lock";
			outputPaths = (
			);
			runOnlyForDeploymentPostprocessing = 0;
			shellPath = /bin/sh;
			shellScript = "diff \"${PODS_ROOT}/../Podfile.lock\" \"${PODS_ROOT}/Manifest.lock\" > /dev/null\nif [[ $? != 0 ]] ; then\n    cat << EOM\nerror: The sandbox is not in sync with the Podfile.lock. Run 'pod install' or update your CocoaPods installation.\nEOM\n    exit 1\nfi\n";
			showEnvVarsInLog = 0;
		};
		2628670CF74AC684F09ED8E2 /* Embed Pods Frameworks */ = {
			isa = PBXShellScriptBuildPhase;
			buildActionMask = 2147483647;
			files = (
			);
			inputPaths = (
			);
			name = "Embed Pods Frameworks";
			outputPaths = (
			);
			runOnlyForDeploymentPostprocessing = 0;
			shellPath = /bin/sh;
			shellScript = "\"${SRCROOT}/Pods/Target Support Files/Pods/Pods-frameworks.sh\"\n";
			showEnvVarsInLog = 0;
		};
		B836E9557693DFFA12556BBD /* Copy Pods Resources */ = {
			isa = PBXShellScriptBuildPhase;
			buildActionMask = 2147483647;
			files = (
			);
			inputPaths = (
			);
			name = "Copy Pods Resources";
			outputPaths = (
			);
			runOnlyForDeploymentPostprocessing = 0;
			shellPath = /bin/sh;
			shellScript = "\"${SRCROOT}/Pods/Target Support Files/Pods/Pods-resources.sh\"\n";
			showEnvVarsInLog = 0;
		};
/* End PBXShellScriptBuildPhase section */

/* Begin PBXSourcesBuildPhase section */
		00FB6F001C04596800EE49F3 /* Sources */ = {
			isa = PBXSourcesBuildPhase;
			buildActionMask = 2147483647;
			files = (
				9B7A31161C6DAFB2007D6B54 /* UITableView+RMIndexPathHeightCache.m in Sources */,
				A3592BE91C28FBA600EC94AC /* UIView+Utils.m in Sources */,
				00495C1E1C070DD90015DB12 /* SecondViewController.m in Sources */,
				9B1B733D1C6F1B4B0022C65B /* MASViewAttribute.m in Sources */,
				9B1B733E1C6F1B4B0022C65B /* MASViewConstraint.m in Sources */,
				9B1B79571C7015AA0022C65B /* RMWeatherModel.m in Sources */,
				A345469D1C420B5B004281FE /* UIViewController+MethodSwizzle.m in Sources */,
				A369565F1C55F0B400C60C20 /* FMDatabase.m in Sources */,
				A3F316F51C537B1100D11C10 /* RMPOITableViewCell.m in Sources */,
				00FB6F0F1C04596800EE49F3 /* ViewController.m in Sources */,
				A36956631C55F0B400C60C20 /* FMResultSet.m in Sources */,
				9B1B733C1C6F1B4B0022C65B /* MASLayoutConstraint.m in Sources */,
				A3F316C11C4F8FE200D11C10 /* UIImageView+Utils.m in Sources */,
				A36956611C55F0B400C60C20 /* FMDatabasePool.m in Sources */,
				A345460E1C3CE06E004281FE /* CALayer+Utils.m in Sources */,
				9B1705CF1C605A57002FFD0C /* RMTableView.m in Sources */,
				A369566A1C59BBF000C60C20 /* RMCoffeeListDataBase.m in Sources */,
				9B1B73511C6F1B620022C65B /* AFHTTPSessionManager.m in Sources */,
				9B1705C61C5EF32E002FFD0C /* RMProxy.m in Sources */,
				A3CDAE1A1C302D990037F51C /* RMBaseModel.m in Sources */,
				9B1B73521C6F1B620022C65B /* AFNetworkReachabilityManager.m in Sources */,
				A3F316F11C536B0000D11C10 /* RMPOISearchRequest.m in Sources */,
				9B1B6DF11C6F13EB0022C65B /* RMWeatherRequest.m in Sources */,
				00929CC11C11347400511DF5 /* ThirdViewController.m in Sources */,
				A38E25D51C12ABB800A3DCEC /* RMTableViewDataSource.m in Sources */,
				00495C191C06E5F80015DB12 /* BaseViewController.m in Sources */,
				9B1B794F1C6FF0420022C65B /* RMClient.m in Sources */,
				A345460B1C3CCFA2004281FE /* RMDateShareManager.m in Sources */,
				9B1B73421C6F1B4B0022C65B /* ViewController+MASAdditions.m in Sources */,
				00FB6F0C1C04596800EE49F3 /* AppDelegate.m in Sources */,
				9B1B73531C6F1B620022C65B /* AFSecurityPolicy.m in Sources */,
				A3FE6A061C140CF4004DF568 /* RMTableViewDelegate.m in Sources */,
				9B1B6DEB1C6EBD240022C65B /* RMWeatherViewController.m in Sources */,
				9B1B733A1C6F1B4B0022C65B /* MASConstraint.m in Sources */,
				9B1B73551C6F1B620022C65B /* AFURLResponseSerialization.m in Sources */,
				00FB6F091C04596800EE49F3 /* main.m in Sources */,
				9B1B73561C6F1B620022C65B /* AFURLSessionManager.m in Sources */,
				A38E25CB1C128D6300A3DCEC /* BaseTableViewController.m in Sources */,
				A3CB87121C2B60E400576755 /* RMCellHeaderView.m in Sources */,
				9B1B73411C6F1B4B0022C65B /* View+MASAdditions.m in Sources */,
				9B1B73401C6F1B4B0022C65B /* NSLayoutConstraint+MASDebugAdditions.m in Sources */,
				A38E25D21C12A8B900A3DCEC /* RMBaseCell.m in Sources */,
				A36956601C55F0B400C60C20 /* FMDatabaseAdditions.m in Sources */,
				A3CDAE1E1C302EEF0037F51C /* NSDictionary+NullReplace.m in Sources */,
				A3F316E31C535B8F00D11C10 /* RMLocationShareManager.m in Sources */,
				A3592BDF1C26E77D00EC94AC /* NSDictionary+Utils.m in Sources */,
				9B1B733F1C6F1B4B0022C65B /* NSArray+MASAdditions.m in Sources */,
				9B1B733B1C6F1B4B0022C65B /* MASConstraintMaker.m in Sources */,
				9B1B73391C6F1B4B0022C65B /* MASCompositeConstraint.m in Sources */,
				A3F316DC1C50CA9700D11C10 /* RMTextAttribute.m in Sources */,
				A36956621C55F0B400C60C20 /* FMDatabaseQueue.m in Sources */,
				00929CC61C11377C00511DF5 /* pushButton.m in Sources */,
				9B1B73541C6F1B620022C65B /* AFURLRequestSerialization.m in Sources */,
				A3CB87161C2B630E00576755 /* RMCellHeaderView+Utils.m in Sources */,
				A32D26141C32C14D0019D4EF /* RMAsyncQueue.m in Sources */,
			);
			runOnlyForDeploymentPostprocessing = 0;
		};
		00FB6F191C04596800EE49F3 /* Sources */ = {
			isa = PBXSourcesBuildPhase;
			buildActionMask = 2147483647;
			files = (
				00FB6F221C04596800EE49F3 /* pushOrPopTests.m in Sources */,
			);
			runOnlyForDeploymentPostprocessing = 0;
		};
		00FB6F241C04596800EE49F3 /* Sources */ = {
			isa = PBXSourcesBuildPhase;
			buildActionMask = 2147483647;
			files = (
				00FB6F2D1C04596800EE49F3 /* pushOrPopUITests.m in Sources */,
			);
			runOnlyForDeploymentPostprocessing = 0;
		};
/* End PBXSourcesBuildPhase section */

/* Begin PBXTargetDependency section */
		00FB6F1F1C04596800EE49F3 /* PBXTargetDependency */ = {
			isa = PBXTargetDependency;
			target = 00FB6F031C04596800EE49F3 /* pushOrPop */;
			targetProxy = 00FB6F1E1C04596800EE49F3 /* PBXContainerItemProxy */;
		};
		00FB6F2A1C04596800EE49F3 /* PBXTargetDependency */ = {
			isa = PBXTargetDependency;
			target = 00FB6F031C04596800EE49F3 /* pushOrPop */;
			targetProxy = 00FB6F291C04596800EE49F3 /* PBXContainerItemProxy */;
		};
/* End PBXTargetDependency section */

/* Begin PBXVariantGroup section */
		00FB6F101C04596800EE49F3 /* Main.storyboard */ = {
			isa = PBXVariantGroup;
			children = (
				00FB6F111C04596800EE49F3 /* Base */,
			);
			name = Main.storyboard;
			sourceTree = "<group>";
		};
		00FB6F151C04596800EE49F3 /* LaunchScreen.storyboard */ = {
			isa = PBXVariantGroup;
			children = (
				00FB6F161C04596800EE49F3 /* Base */,
			);
			name = LaunchScreen.storyboard;
			sourceTree = "<group>";
		};
/* End PBXVariantGroup section */

/* Begin XCBuildConfiguration section */
		00FB6F2F1C04596800EE49F3 /* Debug */ = {
			isa = XCBuildConfiguration;
			buildSettings = {
				ALWAYS_SEARCH_USER_PATHS = NO;
				CLANG_CXX_LANGUAGE_STANDARD = "gnu++0x";
				CLANG_CXX_LIBRARY = "libc++";
				CLANG_ENABLE_MODULES = YES;
				CLANG_ENABLE_OBJC_ARC = YES;
				CLANG_WARN_BOOL_CONVERSION = YES;
				CLANG_WARN_CONSTANT_CONVERSION = YES;
				CLANG_WARN_DIRECT_OBJC_ISA_USAGE = YES_ERROR;
				CLANG_WARN_EMPTY_BODY = YES;
				CLANG_WARN_ENUM_CONVERSION = YES;
				CLANG_WARN_INT_CONVERSION = YES;
				CLANG_WARN_OBJC_ROOT_CLASS = YES_ERROR;
				CLANG_WARN_UNREACHABLE_CODE = YES;
				CLANG_WARN__DUPLICATE_METHOD_MATCH = YES;
				"CODE_SIGN_IDENTITY[sdk=iphoneos*]" = "iPhone Developer";
				COPY_PHASE_STRIP = NO;
				DEBUG_INFORMATION_FORMAT = dwarf;
				ENABLE_STRICT_OBJC_MSGSEND = YES;
				ENABLE_TESTABILITY = YES;
				GCC_C_LANGUAGE_STANDARD = gnu99;
				GCC_DYNAMIC_NO_PIC = NO;
				GCC_NO_COMMON_BLOCKS = YES;
				GCC_OPTIMIZATION_LEVEL = 0;
				GCC_PREPROCESSOR_DEFINITIONS = (
					"DEBUG=1",
					"$(inherited)",
				);
				GCC_WARN_64_TO_32_BIT_CONVERSION = YES;
				GCC_WARN_ABOUT_RETURN_TYPE = YES_ERROR;
				GCC_WARN_UNDECLARED_SELECTOR = YES;
				GCC_WARN_UNINITIALIZED_AUTOS = YES_AGGRESSIVE;
				GCC_WARN_UNUSED_FUNCTION = YES;
				GCC_WARN_UNUSED_VARIABLE = YES;
				IPHONEOS_DEPLOYMENT_TARGET = 9.0;
				MTL_ENABLE_DEBUG_INFO = YES;
				ONLY_ACTIVE_ARCH = YES;
				SDKROOT = iphoneos;
				TARGETED_DEVICE_FAMILY = "1,2";
			};
			name = Debug;
		};
		00FB6F301C04596800EE49F3 /* Release */ = {
			isa = XCBuildConfiguration;
			buildSettings = {
				ALWAYS_SEARCH_USER_PATHS = NO;
				CLANG_CXX_LANGUAGE_STANDARD = "gnu++0x";
				CLANG_CXX_LIBRARY = "libc++";
				CLANG_ENABLE_MODULES = YES;
				CLANG_ENABLE_OBJC_ARC = YES;
				CLANG_WARN_BOOL_CONVERSION = YES;
				CLANG_WARN_CONSTANT_CONVERSION = YES;
				CLANG_WARN_DIRECT_OBJC_ISA_USAGE = YES_ERROR;
				CLANG_WARN_EMPTY_BODY = YES;
				CLANG_WARN_ENUM_CONVERSION = YES;
				CLANG_WARN_INT_CONVERSION = YES;
				CLANG_WARN_OBJC_ROOT_CLASS = YES_ERROR;
				CLANG_WARN_UNREACHABLE_CODE = YES;
				CLANG_WARN__DUPLICATE_METHOD_MATCH = YES;
				"CODE_SIGN_IDENTITY[sdk=iphoneos*]" = "iPhone Developer";
				COPY_PHASE_STRIP = NO;
				DEBUG_INFORMATION_FORMAT = "dwarf-with-dsym";
				ENABLE_NS_ASSERTIONS = NO;
				ENABLE_STRICT_OBJC_MSGSEND = YES;
				GCC_C_LANGUAGE_STANDARD = gnu99;
				GCC_NO_COMMON_BLOCKS = YES;
				GCC_WARN_64_TO_32_BIT_CONVERSION = YES;
				GCC_WARN_ABOUT_RETURN_TYPE = YES_ERROR;
				GCC_WARN_UNDECLARED_SELECTOR = YES;
				GCC_WARN_UNINITIALIZED_AUTOS = YES_AGGRESSIVE;
				GCC_WARN_UNUSED_FUNCTION = YES;
				GCC_WARN_UNUSED_VARIABLE = YES;
				IPHONEOS_DEPLOYMENT_TARGET = 9.0;
				MTL_ENABLE_DEBUG_INFO = NO;
				SDKROOT = iphoneos;
				TARGETED_DEVICE_FAMILY = "1,2";
				VALIDATE_PRODUCT = YES;
			};
			name = Release;
		};
		00FB6F321C04596800EE49F3 /* Debug */ = {
			isa = XCBuildConfiguration;
			baseConfigurationReference = 5553FA276B96DA61BC6C8CB1 /* Pods.debug.xcconfig */;
			buildSettings = {
				ASSETCATALOG_COMPILER_APPICON_NAME = AppIcon;
				CODE_SIGN_IDENTITY = "iPhone Developer";
				"CODE_SIGN_IDENTITY[sdk=iphoneos*]" = "iPhone Developer";
				FRAMEWORK_SEARCH_PATHS = (
					"$(inherited)",
					"$(PROJECT_DIR)/pushOrPop",
					"$(PROJECT_DIR)/pushOrPop/Framework",
				);
				GCC_INCREASE_PRECOMPILED_HEADER_SHARING = YES;
				GCC_PRECOMPILE_PREFIX_HEADER = YES;
				GCC_PREFIX_HEADER = "$(SRCROOT)/pushOrPop/pushOrPop.pch";
				INFOPLIST_FILE = pushOrPop/Info.plist;
				LD_RUNPATH_SEARCH_PATHS = "$(inherited) @executable_path/Frameworks";
				LIBRARY_SEARCH_PATHS = (
					"$(inherited)",
					"$(PROJECT_DIR)/build/Debug-iphoneos",
				);
				OTHER_LDFLAGS = "-ObjC";
				PRODUCT_BUNDLE_IDENTIFIER = rexma.pushOrPop;
				PRODUCT_NAME = "$(TARGET_NAME)";
				PROVISIONING_PROFILE = "";
				SDKROOT = iphoneos;
			};
			name = Debug;
		};
		00FB6F331C04596800EE49F3 /* Release */ = {
			isa = XCBuildConfiguration;
			baseConfigurationReference = FBFA28AE889F413925F45162 /* Pods.release.xcconfig */;
			buildSettings = {
				ASSETCATALOG_COMPILER_APPICON_NAME = AppIcon;
				CODE_SIGN_IDENTITY = "iPhone Developer";
				"CODE_SIGN_IDENTITY[sdk=iphoneos*]" = "iPhone Developer";
				FRAMEWORK_SEARCH_PATHS = (
					"$(inherited)",
					"$(PROJECT_DIR)/pushOrPop",
					"$(PROJECT_DIR)/pushOrPop/Framework",
				);
				GCC_INCREASE_PRECOMPILED_HEADER_SHARING = YES;
				GCC_PRECOMPILE_PREFIX_HEADER = YES;
				GCC_PREFIX_HEADER = "$(SRCROOT)/pushOrPop/pushOrPop.pch";
				INFOPLIST_FILE = pushOrPop/Info.plist;
				LD_RUNPATH_SEARCH_PATHS = "$(inherited) @executable_path/Frameworks";
				LIBRARY_SEARCH_PATHS = (
					"$(inherited)",
					"$(PROJECT_DIR)/build/Debug-iphoneos",
				);
				OTHER_LDFLAGS = "-ObjC";
				PRODUCT_BUNDLE_IDENTIFIER = rexma.pushOrPop;
				PRODUCT_NAME = "$(TARGET_NAME)";
				PROVISIONING_PROFILE = "";
				SDKROOT = iphoneos;
			};
			name = Release;
		};
		00FB6F351C04596800EE49F3 /* Debug */ = {
			isa = XCBuildConfiguration;
			buildSettings = {
				BUNDLE_LOADER = "$(TEST_HOST)";
				INFOPLIST_FILE = pushOrPopTests/Info.plist;
				LD_RUNPATH_SEARCH_PATHS = "$(inherited) @executable_path/Frameworks @loader_path/Frameworks";
				PRODUCT_BUNDLE_IDENTIFIER = rexma.pushOrPopTests;
				PRODUCT_NAME = "$(TARGET_NAME)";
				TEST_HOST = "$(BUILT_PRODUCTS_DIR)/pushOrPop.app/pushOrPop";
			};
			name = Debug;
		};
		00FB6F361C04596800EE49F3 /* Release */ = {
			isa = XCBuildConfiguration;
			buildSettings = {
				BUNDLE_LOADER = "$(TEST_HOST)";
				INFOPLIST_FILE = pushOrPopTests/Info.plist;
				LD_RUNPATH_SEARCH_PATHS = "$(inherited) @executable_path/Frameworks @loader_path/Frameworks";
				PRODUCT_BUNDLE_IDENTIFIER = rexma.pushOrPopTests;
				PRODUCT_NAME = "$(TARGET_NAME)";
				TEST_HOST = "$(BUILT_PRODUCTS_DIR)/pushOrPop.app/pushOrPop";
			};
			name = Release;
		};
		00FB6F381C04596800EE49F3 /* Debug */ = {
			isa = XCBuildConfiguration;
			buildSettings = {
				INFOPLIST_FILE = pushOrPopUITests/Info.plist;
				LD_RUNPATH_SEARCH_PATHS = "$(inherited) @executable_path/Frameworks @loader_path/Frameworks";
				PRODUCT_BUNDLE_IDENTIFIER = rexma.pushOrPopUITests;
				PRODUCT_NAME = "$(TARGET_NAME)";
				TEST_TARGET_NAME = pushOrPop;
				USES_XCTRUNNER = YES;
			};
			name = Debug;
		};
		00FB6F391C04596800EE49F3 /* Release */ = {
			isa = XCBuildConfiguration;
			buildSettings = {
				INFOPLIST_FILE = pushOrPopUITests/Info.plist;
				LD_RUNPATH_SEARCH_PATHS = "$(inherited) @executable_path/Frameworks @loader_path/Frameworks";
				PRODUCT_BUNDLE_IDENTIFIER = rexma.pushOrPopUITests;
				PRODUCT_NAME = "$(TARGET_NAME)";
				TEST_TARGET_NAME = pushOrPop;
				USES_XCTRUNNER = YES;
			};
			name = Release;
		};
/* End XCBuildConfiguration section */

/* Begin XCConfigurationList section */
		00FB6EFF1C04596800EE49F3 /* Build configuration list for PBXProject "pushOrPop" */ = {
			isa = XCConfigurationList;
			buildConfigurations = (
				00FB6F2F1C04596800EE49F3 /* Debug */,
				00FB6F301C04596800EE49F3 /* Release */,
			);
			defaultConfigurationIsVisible = 0;
			defaultConfigurationName = Release;
		};
		00FB6F311C04596800EE49F3 /* Build configuration list for PBXNativeTarget "pushOrPop" */ = {
			isa = XCConfigurationList;
			buildConfigurations = (
				00FB6F321C04596800EE49F3 /* Debug */,
				00FB6F331C04596800EE49F3 /* Release */,
			);
			defaultConfigurationIsVisible = 0;
			defaultConfigurationName = Release;
		};
		00FB6F341C04596800EE49F3 /* Build configuration list for PBXNativeTarget "pushOrPopTests" */ = {
			isa = XCConfigurationList;
			buildConfigurations = (
				00FB6F351C04596800EE49F3 /* Debug */,
				00FB6F361C04596800EE49F3 /* Release */,
			);
			defaultConfigurationIsVisible = 0;
			defaultConfigurationName = Release;
		};
		00FB6F371C04596800EE49F3 /* Build configuration list for PBXNativeTarget "pushOrPopUITests" */ = {
			isa = XCConfigurationList;
			buildConfigurations = (
				00FB6F381C04596800EE49F3 /* Debug */,
				00FB6F391C04596800EE49F3 /* Release */,
			);
			defaultConfigurationIsVisible = 0;
			defaultConfigurationName = Release;
		};
/* End XCConfigurationList section */
	};
	rootObject = 00FB6EFC1C04596800EE49F3 /* Project object */;
}
